// !$*UTF8*$!
{
	archiveVersion = 1;
	classes = {
	};
	objectVersion = 50;
	objects = {

/* Begin PBXBuildFile section */
		08072A9A21377FB40020F80E /* AppNavigator.swift in Sources */ = {isa = PBXBuildFile; fileRef = 08072A9921377FB40020F80E /* AppNavigator.swift */; };
		08072A9D213780720020F80E /* Storyboards.swift in Sources */ = {isa = PBXBuildFile; fileRef = 08072A9C213780720020F80E /* Storyboards.swift */; };
		08072AA02137817D0020F80E /* Library.storyboard in Resources */ = {isa = PBXBuildFile; fileRef = 08072A9F2137817D0020F80E /* Library.storyboard */; };
		08072AA2213781980020F80E /* LibraryViewController.swift in Sources */ = {isa = PBXBuildFile; fileRef = 08072AA1213781980020F80E /* LibraryViewController.swift */; };
		08072AA4213783860020F80E /* AppViewModel.swift in Sources */ = {isa = PBXBuildFile; fileRef = 08072AA3213783860020F80E /* AppViewModel.swift */; };
		08072AA6213783AC0020F80E /* AppUseCase.swift in Sources */ = {isa = PBXBuildFile; fileRef = 08072AA5213783AC0020F80E /* AppUseCase.swift */; };
		08072AAC2137A1F80020F80E /* ListAlbumCell.swift in Sources */ = {isa = PBXBuildFile; fileRef = 08072AAA2137A1F80020F80E /* ListAlbumCell.swift */; };
		08072AAD2137A1F80020F80E /* ListAlbumCell.xib in Resources */ = {isa = PBXBuildFile; fileRef = 08072AAB2137A1F80020F80E /* ListAlbumCell.xib */; };
		0851BB952138D0900059C43F /* Album.swift in Sources */ = {isa = PBXBuildFile; fileRef = 0851BB942138D0900059C43F /* Album.swift */; };
		0851BB972138D2400059C43F /* LibraryRepository.swift in Sources */ = {isa = PBXBuildFile; fileRef = 0851BB962138D2400059C43F /* LibraryRepository.swift */; };
		0851BB992138D5630059C43F /* LibraryUseCase.swift in Sources */ = {isa = PBXBuildFile; fileRef = 0851BB982138D5630059C43F /* LibraryUseCase.swift */; };
		0851BB9B2138D6120059C43F /* LibraryViewModel.swift in Sources */ = {isa = PBXBuildFile; fileRef = 0851BB9A2138D6120059C43F /* LibraryViewModel.swift */; };
		0851BB9D2138D6DD0059C43F /* LibraryNavigator.swift in Sources */ = {isa = PBXBuildFile; fileRef = 0851BB9C2138D6DD0059C43F /* LibraryNavigator.swift */; };
		086774F62146075D0062F965 /* EditImageUseCase.swift in Sources */ = {isa = PBXBuildFile; fileRef = 086774F52146075D0062F965 /* EditImageUseCase.swift */; };
		08787A922134DC3100569477 /* AppDelegate.swift in Sources */ = {isa = PBXBuildFile; fileRef = 08787A912134DC3100569477 /* AppDelegate.swift */; };
		08787A972134DC3100569477 /* Main.storyboard in Resources */ = {isa = PBXBuildFile; fileRef = 08787A952134DC3100569477 /* Main.storyboard */; };
		08787A992134DC3200569477 /* Assets.xcassets in Resources */ = {isa = PBXBuildFile; fileRef = 08787A982134DC3200569477 /* Assets.xcassets */; };
		08787A9C2134DC3200569477 /* LaunchScreen.storyboard in Resources */ = {isa = PBXBuildFile; fileRef = 08787A9A2134DC3200569477 /* LaunchScreen.storyboard */; };
		08787AAA2134F13500569477 /* BindableType.swift in Sources */ = {isa = PBXBuildFile; fileRef = 08787AA42134F13500569477 /* BindableType.swift */; };
		08787AAB2134F13500569477 /* ErrorTracker.swift in Sources */ = {isa = PBXBuildFile; fileRef = 08787AA52134F13500569477 /* ErrorTracker.swift */; };
		08787AAC2134F13500569477 /* ActivityIndicator.swift in Sources */ = {isa = PBXBuildFile; fileRef = 08787AA62134F13500569477 /* ActivityIndicator.swift */; };
		08787AAD2134F13500569477 /* UIViewController+.swift in Sources */ = {isa = PBXBuildFile; fileRef = 08787AA72134F13500569477 /* UIViewController+.swift */; };
		08787AAE2134F13500569477 /* UIViewController+Rx.swift in Sources */ = {isa = PBXBuildFile; fileRef = 08787AA82134F13500569477 /* UIViewController+Rx.swift */; };
		08787AAF2134F13500569477 /* Observable+.swift in Sources */ = {isa = PBXBuildFile; fileRef = 08787AA92134F13500569477 /* Observable+.swift */; };
		08787ABB2134F24000569477 /* RefreshAutoHeader.swift in Sources */ = {isa = PBXBuildFile; fileRef = 08787AB22134F24000569477 /* RefreshAutoHeader.swift */; };
		08787ABC2134F24000569477 /* ViewModelType+Loadmore.swift in Sources */ = {isa = PBXBuildFile; fileRef = 08787AB32134F24000569477 /* ViewModelType+Loadmore.swift */; };
		08787ABD2134F24000569477 /* LoadMoreTableView.swift in Sources */ = {isa = PBXBuildFile; fileRef = 08787AB42134F24000569477 /* LoadMoreTableView.swift */; };
		08787ABE2134F24000569477 /* RefreshTableView.swift in Sources */ = {isa = PBXBuildFile; fileRef = 08787AB52134F24000569477 /* RefreshTableView.swift */; };
		08787ABF2134F24000569477 /* RefreshAutoFooter.swift in Sources */ = {isa = PBXBuildFile; fileRef = 08787AB62134F24000569477 /* RefreshAutoFooter.swift */; };
		08787AC02134F24000569477 /* PagingInfo.swift in Sources */ = {isa = PBXBuildFile; fileRef = 08787AB82134F24000569477 /* PagingInfo.swift */; };
		08787AC12134F24000569477 /* ViewModelType.swift in Sources */ = {isa = PBXBuildFile; fileRef = 08787AB92134F24000569477 /* ViewModelType.swift */; };
		08787AC22134F24000569477 /* HasID.swift in Sources */ = {isa = PBXBuildFile; fileRef = 08787ABA2134F24000569477 /* HasID.swift */; };
		08787AC5213527A800569477 /* Collection.swift in Sources */ = {isa = PBXBuildFile; fileRef = 08787AC4213527A800569477 /* Collection.swift */; };
		08787AC72135286200569477 /* Photo.swift in Sources */ = {isa = PBXBuildFile; fileRef = 08787AC62135286200569477 /* Photo.swift */; };
		08787AC9213528FF00569477 /* URLPhoto.swift in Sources */ = {isa = PBXBuildFile; fileRef = 08787AC8213528FF00569477 /* URLPhoto.swift */; };
		08787ACE21352BF000569477 /* ErrorResponse.swift in Sources */ = {isa = PBXBuildFile; fileRef = 08787ACC21352BF000569477 /* ErrorResponse.swift */; };
		08787ACF21352BF000569477 /* BaseError.swift in Sources */ = {isa = PBXBuildFile; fileRef = 08787ACD21352BF000569477 /* BaseError.swift */; };
		08787AE521352C3400569477 /* BaseRequest.swift in Sources */ = {isa = PBXBuildFile; fileRef = 08787AD121352C3400569477 /* BaseRequest.swift */; };
		08787AF721352C3400569477 /* HTTPStatusCode.swift in Sources */ = {isa = PBXBuildFile; fileRef = 08787AE421352C3400569477 /* HTTPStatusCode.swift */; };
		08787AF921352D0A00569477 /* PhotoRequest.swift in Sources */ = {isa = PBXBuildFile; fileRef = 08787AF821352D0A00569477 /* PhotoRequest.swift */; };
		08787B002135301D00569477 /* PhotoResponse.swift in Sources */ = {isa = PBXBuildFile; fileRef = 08787AFF2135301D00569477 /* PhotoResponse.swift */; };
		08787B03213530B700569477 /* APIService.swift in Sources */ = {isa = PBXBuildFile; fileRef = 08787B02213530B700569477 /* APIService.swift */; };
		08787B0C213537E700569477 /* APIKey.swift in Sources */ = {isa = PBXBuildFile; fileRef = 08787B0A213537E700569477 /* APIKey.swift */; };
		08787B0D213537E700569477 /* URLs.swift in Sources */ = {isa = PBXBuildFile; fileRef = 08787B0B213537E700569477 /* URLs.swift */; };
		08ADB361213E63F6005A8E60 /* ListImageUseCase.swift in Sources */ = {isa = PBXBuildFile; fileRef = 08ADB360213E63F6005A8E60 /* ListImageUseCase.swift */; };
		08C1F20D213E2052005704D2 /* ListImage.storyboard in Resources */ = {isa = PBXBuildFile; fileRef = 08C1F20C213E2052005704D2 /* ListImage.storyboard */; };
		08C1F211213E22CB005704D2 /* ListImageCell.swift in Sources */ = {isa = PBXBuildFile; fileRef = 08C1F20F213E22CB005704D2 /* ListImageCell.swift */; };
		08C1F212213E22CB005704D2 /* ListImageCell.xib in Resources */ = {isa = PBXBuildFile; fileRef = 08C1F210213E22CB005704D2 /* ListImageCell.xib */; };
		08C1F214213E25E9005704D2 /* ListImageNavigator.swift in Sources */ = {isa = PBXBuildFile; fileRef = 08C1F213213E25E9005704D2 /* ListImageNavigator.swift */; };
		08C1F216213E28C5005704D2 /* ListImageViewModel.swift in Sources */ = {isa = PBXBuildFile; fileRef = 08C1F215213E28C5005704D2 /* ListImageViewModel.swift */; };
		08C1F218213E28E5005704D2 /* ListImageViewController.swift in Sources */ = {isa = PBXBuildFile; fileRef = 08C1F217213E28E4005704D2 /* ListImageViewController.swift */; };
		08DA31552140BF7A00DE8E3B /* EditImage.storyboard in Resources */ = {isa = PBXBuildFile; fileRef = 08DA31542140BF7A00DE8E3B /* EditImage.storyboard */; };
		08DA31582140C12B00DE8E3B /* EditView.xib in Resources */ = {isa = PBXBuildFile; fileRef = 08DA31572140C12B00DE8E3B /* EditView.xib */; };
		08DA315C2140C19700DE8E3B /* EditCell.swift in Sources */ = {isa = PBXBuildFile; fileRef = 08DA315A2140C19700DE8E3B /* EditCell.swift */; };
		08DA315D2140C19700DE8E3B /* EditCell.xib in Resources */ = {isa = PBXBuildFile; fileRef = 08DA315B2140C19700DE8E3B /* EditCell.xib */; };
		08DA315F2140C25A00DE8E3B /* EditView.swift in Sources */ = {isa = PBXBuildFile; fileRef = 08DA315E2140C25A00DE8E3B /* EditView.swift */; };
		08DA31612140C5EE00DE8E3B /* EditImageViewController.swift in Sources */ = {isa = PBXBuildFile; fileRef = 08DA31602140C5EE00DE8E3B /* EditImageViewController.swift */; };
		08DA31632140C9FA00DE8E3B /* EditImageNavigator.swift in Sources */ = {isa = PBXBuildFile; fileRef = 08DA31622140C9FA00DE8E3B /* EditImageNavigator.swift */; };
		08DA31652140CAE800DE8E3B /* EditImageViewModel.swift in Sources */ = {isa = PBXBuildFile; fileRef = 08DA31642140CAE800DE8E3B /* EditImageViewModel.swift */; };
		08E77BC3213E7C95000F93A3 /* ImageDetail.storyboard in Resources */ = {isa = PBXBuildFile; fileRef = 08E77BC2213E7C95000F93A3 /* ImageDetail.storyboard */; };
		08E77BC5213E7D15000F93A3 /* ImageDetailNavigator.swift in Sources */ = {isa = PBXBuildFile; fileRef = 08E77BC4213E7D15000F93A3 /* ImageDetailNavigator.swift */; };
		08E77BC7213E7D70000F93A3 /* ImageDetailViewController.swift in Sources */ = {isa = PBXBuildFile; fileRef = 08E77BC6213E7D70000F93A3 /* ImageDetailViewController.swift */; };
		08E77BC9213E7E0C000F93A3 /* ImageDetailViewModel.swift in Sources */ = {isa = PBXBuildFile; fileRef = 08E77BC8213E7E0C000F93A3 /* ImageDetailViewModel.swift */; };
		08F6EE8121363C5200F895B6 /* SearchRequest.swift in Sources */ = {isa = PBXBuildFile; fileRef = 08F6EE8021363C5200F895B6 /* SearchRequest.swift */; };
		08F6EE8321363CA900F895B6 /* SearchResponse.swift in Sources */ = {isa = PBXBuildFile; fileRef = 08F6EE8221363CA900F895B6 /* SearchResponse.swift */; };
		08F6EE8521363CF000F895B6 /* CollectionResquest.swift in Sources */ = {isa = PBXBuildFile; fileRef = 08F6EE8421363CF000F895B6 /* CollectionResquest.swift */; };
		08F6EE8721363DBC00F895B6 /* CollectionResponse.swift in Sources */ = {isa = PBXBuildFile; fileRef = 08F6EE8621363DBC00F895B6 /* CollectionResponse.swift */; };
		08F6EE8A21364A1B00F895B6 /* DownloadService.swift in Sources */ = {isa = PBXBuildFile; fileRef = 08F6EE8921364A1B00F895B6 /* DownloadService.swift */; };
		08F6EE8C2136599F00F895B6 /* PHPhotoLibrary+SaveImage.swift in Sources */ = {isa = PBXBuildFile; fileRef = 08F6EE8B2136599F00F895B6 /* PHPhotoLibrary+SaveImage.swift */; };
		08F6EE8E2136755000F895B6 /* PhotoInCollectionRequest.swift in Sources */ = {isa = PBXBuildFile; fileRef = 08F6EE8D2136755000F895B6 /* PhotoInCollectionRequest.swift */; };
		1B082292214259A800C6EFF0 /* SearchHeader.swift in Sources */ = {isa = PBXBuildFile; fileRef = 1B082291214259A800C6EFF0 /* SearchHeader.swift */; };
		1B08229421425AA000C6EFF0 /* SearchHeader.xib in Resources */ = {isa = PBXBuildFile; fileRef = 1B08229321425AA000C6EFF0 /* SearchHeader.xib */; };
		1B27E66C213530920014AC4A /* Utils.swift in Sources */ = {isa = PBXBuildFile; fileRef = 1B27E66B213530920014AC4A /* Utils.swift */; };
		1B505033213F77BB0014C6A5 /* CollectionImages.storyboard in Resources */ = {isa = PBXBuildFile; fileRef = 1B505032213F77BB0014C6A5 /* CollectionImages.storyboard */; };
		1B505035213F77EC0014C6A5 /* CollectionImagesViewController.swift in Sources */ = {isa = PBXBuildFile; fileRef = 1B505034213F77EC0014C6A5 /* CollectionImagesViewController.swift */; };
		1B505037213F7A090014C6A5 /* CollectionImagesUseCase.swift in Sources */ = {isa = PBXBuildFile; fileRef = 1B505036213F7A090014C6A5 /* CollectionImagesUseCase.swift */; };
		1B505039213F7C680014C6A5 /* CollectionImagesViewModel.swift in Sources */ = {isa = PBXBuildFile; fileRef = 1B505038213F7C680014C6A5 /* CollectionImagesViewModel.swift */; };
		1B50503B213F91290014C6A5 /* CollectionImagesNavigator.swift in Sources */ = {isa = PBXBuildFile; fileRef = 1B50503A213F91290014C6A5 /* CollectionImagesNavigator.swift */; };
		1B757C2B213643CA0007B882 /* IntroNavigator.swift in Sources */ = {isa = PBXBuildFile; fileRef = 1B757C28213643CA0007B882 /* IntroNavigator.swift */; };
		1B757C2C213643CA0007B882 /* Intro.storyboard in Resources */ = {isa = PBXBuildFile; fileRef = 1B757C29213643CA0007B882 /* Intro.storyboard */; };
		1B757C2D213643CA0007B882 /* IntroViewController.swift in Sources */ = {isa = PBXBuildFile; fileRef = 1B757C2A213643CA0007B882 /* IntroViewController.swift */; };
		1B757C302136454E0007B882 /* Home.storyboard in Resources */ = {isa = PBXBuildFile; fileRef = 1B757C2F2136454E0007B882 /* Home.storyboard */; };
		1B757C32213645620007B882 /* HomeViewController.swift in Sources */ = {isa = PBXBuildFile; fileRef = 1B757C31213645620007B882 /* HomeViewController.swift */; };
		1B757C36213645A00007B882 /* ImageCollectionCell.swift in Sources */ = {isa = PBXBuildFile; fileRef = 1B757C34213645A00007B882 /* ImageCollectionCell.swift */; };
		1B757C37213645A00007B882 /* ImageCollectionCell.xib in Resources */ = {isa = PBXBuildFile; fileRef = 1B757C35213645A00007B882 /* ImageCollectionCell.xib */; };
		1B757C3C213645D00007B882 /* ImageTableCell.swift in Sources */ = {isa = PBXBuildFile; fileRef = 1B757C3A213645D00007B882 /* ImageTableCell.swift */; };
		1B757C3D213645D00007B882 /* ImageTableCell.xib in Resources */ = {isa = PBXBuildFile; fileRef = 1B757C3B213645D00007B882 /* ImageTableCell.xib */; };
		1B757C4521366E400007B882 /* ImageRepository.swift in Sources */ = {isa = PBXBuildFile; fileRef = 1B757C4421366E400007B882 /* ImageRepository.swift */; };
		1B757C47213675410007B882 /* CollectionRepository.swift in Sources */ = {isa = PBXBuildFile; fileRef = 1B757C46213675410007B882 /* CollectionRepository.swift */; };
		1B757C4921367DB10007B882 /* HomeUseCase.swift in Sources */ = {isa = PBXBuildFile; fileRef = 1B757C4821367DB10007B882 /* HomeUseCase.swift */; };
		1B757C4B21368AA50007B882 /* HomeViewModel.swift in Sources */ = {isa = PBXBuildFile; fileRef = 1B757C4A21368AA50007B882 /* HomeViewModel.swift */; };
		1BC29E4821467C27004BEEFB /* RandomImageRequest.swift in Sources */ = {isa = PBXBuildFile; fileRef = 1BC29E4721467C27004BEEFB /* RandomImageRequest.swift */; };
		1BD4A3F22137915C0022643F /* HomeNavigator.swift in Sources */ = {isa = PBXBuildFile; fileRef = 1BD4A3F12137915C0022643F /* HomeNavigator.swift */; };
		1BD4A3F42137A8B80022643F /* LoadMoreCollectionView.swift in Sources */ = {isa = PBXBuildFile; fileRef = 1BD4A3F32137A8B70022643F /* LoadMoreCollectionView.swift */; };
		1BD4A3F62137CBCB0022643F /* ImageViewExtension.swift in Sources */ = {isa = PBXBuildFile; fileRef = 1BD4A3F52137CBCB0022643F /* ImageViewExtension.swift */; };
		1BF8940C2140E09700EC6C3D /* Search.storyboard in Resources */ = {isa = PBXBuildFile; fileRef = 1BF8940B2140E09700EC6C3D /* Search.storyboard */; };
		1BF894112140E27E00EC6C3D /* SearchViewController.swift in Sources */ = {isa = PBXBuildFile; fileRef = 1BF894102140E27E00EC6C3D /* SearchViewController.swift */; };
		1BF894142140E2FE00EC6C3D /* SearchCell.swift in Sources */ = {isa = PBXBuildFile; fileRef = 1BF894122140E2FE00EC6C3D /* SearchCell.swift */; };
		1BF894152140E2FE00EC6C3D /* SearchCell.xib in Resources */ = {isa = PBXBuildFile; fileRef = 1BF894132140E2FE00EC6C3D /* SearchCell.xib */; };
		1BF894172140FA0A00EC6C3D /* SearchUseCase.swift in Sources */ = {isa = PBXBuildFile; fileRef = 1BF894162140FA0A00EC6C3D /* SearchUseCase.swift */; };
		1BF894192140FDB700EC6C3D /* SearchViewModel.swift in Sources */ = {isa = PBXBuildFile; fileRef = 1BF894182140FDB700EC6C3D /* SearchViewModel.swift */; };
		1BF8941B2141005200EC6C3D /* SearchNavigator.swift in Sources */ = {isa = PBXBuildFile; fileRef = 1BF8941A2141005200EC6C3D /* SearchNavigator.swift */; };
		CAD519AA52EBCA719AF780D4 /* Pods_MyEditor.framework in Frameworks */ = {isa = PBXBuildFile; fileRef = 7B314E99F19649130D233435 /* Pods_MyEditor.framework */; };
/* End PBXBuildFile section */

/* Begin PBXFileReference section */
		08072A9921377FB40020F80E /* AppNavigator.swift */ = {isa = PBXFileReference; lastKnownFileType = sourcecode.swift; path = AppNavigator.swift; sourceTree = "<group>"; };
		08072A9C213780720020F80E /* Storyboards.swift */ = {isa = PBXFileReference; lastKnownFileType = sourcecode.swift; path = Storyboards.swift; sourceTree = "<group>"; };
		08072A9F2137817D0020F80E /* Library.storyboard */ = {isa = PBXFileReference; lastKnownFileType = file.storyboard; path = Library.storyboard; sourceTree = "<group>"; };
		08072AA1213781980020F80E /* LibraryViewController.swift */ = {isa = PBXFileReference; lastKnownFileType = sourcecode.swift; path = LibraryViewController.swift; sourceTree = "<group>"; };
		08072AA3213783860020F80E /* AppViewModel.swift */ = {isa = PBXFileReference; lastKnownFileType = sourcecode.swift; path = AppViewModel.swift; sourceTree = "<group>"; };
		08072AA5213783AC0020F80E /* AppUseCase.swift */ = {isa = PBXFileReference; lastKnownFileType = sourcecode.swift; path = AppUseCase.swift; sourceTree = "<group>"; };
		08072AAA2137A1F80020F80E /* ListAlbumCell.swift */ = {isa = PBXFileReference; lastKnownFileType = sourcecode.swift; path = ListAlbumCell.swift; sourceTree = "<group>"; };
		08072AAB2137A1F80020F80E /* ListAlbumCell.xib */ = {isa = PBXFileReference; lastKnownFileType = file.xib; path = ListAlbumCell.xib; sourceTree = "<group>"; };
		0851BB942138D0900059C43F /* Album.swift */ = {isa = PBXFileReference; lastKnownFileType = sourcecode.swift; path = Album.swift; sourceTree = "<group>"; };
		0851BB962138D2400059C43F /* LibraryRepository.swift */ = {isa = PBXFileReference; lastKnownFileType = sourcecode.swift; path = LibraryRepository.swift; sourceTree = "<group>"; };
		0851BB982138D5630059C43F /* LibraryUseCase.swift */ = {isa = PBXFileReference; lastKnownFileType = sourcecode.swift; path = LibraryUseCase.swift; sourceTree = "<group>"; };
		0851BB9A2138D6120059C43F /* LibraryViewModel.swift */ = {isa = PBXFileReference; lastKnownFileType = sourcecode.swift; path = LibraryViewModel.swift; sourceTree = "<group>"; };
		0851BB9C2138D6DD0059C43F /* LibraryNavigator.swift */ = {isa = PBXFileReference; lastKnownFileType = sourcecode.swift; path = LibraryNavigator.swift; sourceTree = "<group>"; };
		086774F52146075D0062F965 /* EditImageUseCase.swift */ = {isa = PBXFileReference; lastKnownFileType = sourcecode.swift; path = EditImageUseCase.swift; sourceTree = "<group>"; };
		08787A8E2134DC3100569477 /* MyEditor.app */ = {isa = PBXFileReference; explicitFileType = wrapper.application; includeInIndex = 0; path = MyEditor.app; sourceTree = BUILT_PRODUCTS_DIR; };
		08787A912134DC3100569477 /* AppDelegate.swift */ = {isa = PBXFileReference; lastKnownFileType = sourcecode.swift; path = AppDelegate.swift; sourceTree = "<group>"; };
		08787A962134DC3100569477 /* Base */ = {isa = PBXFileReference; lastKnownFileType = file.storyboard; name = Base; path = Base.lproj/Main.storyboard; sourceTree = "<group>"; };
		08787A982134DC3200569477 /* Assets.xcassets */ = {isa = PBXFileReference; lastKnownFileType = folder.assetcatalog; path = Assets.xcassets; sourceTree = "<group>"; };
		08787A9B2134DC3200569477 /* Base */ = {isa = PBXFileReference; lastKnownFileType = file.storyboard; name = Base; path = Base.lproj/LaunchScreen.storyboard; sourceTree = "<group>"; };
		08787A9D2134DC3200569477 /* Info.plist */ = {isa = PBXFileReference; lastKnownFileType = text.plist.xml; path = Info.plist; sourceTree = "<group>"; };
		08787AA42134F13500569477 /* BindableType.swift */ = {isa = PBXFileReference; fileEncoding = 4; lastKnownFileType = sourcecode.swift; path = BindableType.swift; sourceTree = "<group>"; };
		08787AA52134F13500569477 /* ErrorTracker.swift */ = {isa = PBXFileReference; fileEncoding = 4; lastKnownFileType = sourcecode.swift; path = ErrorTracker.swift; sourceTree = "<group>"; };
		08787AA62134F13500569477 /* ActivityIndicator.swift */ = {isa = PBXFileReference; fileEncoding = 4; lastKnownFileType = sourcecode.swift; path = ActivityIndicator.swift; sourceTree = "<group>"; };
		08787AA72134F13500569477 /* UIViewController+.swift */ = {isa = PBXFileReference; fileEncoding = 4; lastKnownFileType = sourcecode.swift; path = "UIViewController+.swift"; sourceTree = "<group>"; };
		08787AA82134F13500569477 /* UIViewController+Rx.swift */ = {isa = PBXFileReference; fileEncoding = 4; lastKnownFileType = sourcecode.swift; path = "UIViewController+Rx.swift"; sourceTree = "<group>"; };
		08787AA92134F13500569477 /* Observable+.swift */ = {isa = PBXFileReference; fileEncoding = 4; lastKnownFileType = sourcecode.swift; path = "Observable+.swift"; sourceTree = "<group>"; };
		08787AB22134F24000569477 /* RefreshAutoHeader.swift */ = {isa = PBXFileReference; fileEncoding = 4; lastKnownFileType = sourcecode.swift; path = RefreshAutoHeader.swift; sourceTree = "<group>"; };
		08787AB32134F24000569477 /* ViewModelType+Loadmore.swift */ = {isa = PBXFileReference; fileEncoding = 4; lastKnownFileType = sourcecode.swift; path = "ViewModelType+Loadmore.swift"; sourceTree = "<group>"; };
		08787AB42134F24000569477 /* LoadMoreTableView.swift */ = {isa = PBXFileReference; fileEncoding = 4; lastKnownFileType = sourcecode.swift; path = LoadMoreTableView.swift; sourceTree = "<group>"; };
		08787AB52134F24000569477 /* RefreshTableView.swift */ = {isa = PBXFileReference; fileEncoding = 4; lastKnownFileType = sourcecode.swift; path = RefreshTableView.swift; sourceTree = "<group>"; };
		08787AB62134F24000569477 /* RefreshAutoFooter.swift */ = {isa = PBXFileReference; fileEncoding = 4; lastKnownFileType = sourcecode.swift; path = RefreshAutoFooter.swift; sourceTree = "<group>"; };
		08787AB82134F24000569477 /* PagingInfo.swift */ = {isa = PBXFileReference; fileEncoding = 4; lastKnownFileType = sourcecode.swift; path = PagingInfo.swift; sourceTree = "<group>"; };
		08787AB92134F24000569477 /* ViewModelType.swift */ = {isa = PBXFileReference; fileEncoding = 4; lastKnownFileType = sourcecode.swift; path = ViewModelType.swift; sourceTree = "<group>"; };
		08787ABA2134F24000569477 /* HasID.swift */ = {isa = PBXFileReference; fileEncoding = 4; lastKnownFileType = sourcecode.swift; path = HasID.swift; sourceTree = "<group>"; };
		08787AC4213527A800569477 /* Collection.swift */ = {isa = PBXFileReference; lastKnownFileType = sourcecode.swift; path = Collection.swift; sourceTree = "<group>"; };
		08787AC62135286200569477 /* Photo.swift */ = {isa = PBXFileReference; lastKnownFileType = sourcecode.swift; path = Photo.swift; sourceTree = "<group>"; };
		08787AC8213528FF00569477 /* URLPhoto.swift */ = {isa = PBXFileReference; lastKnownFileType = sourcecode.swift; path = URLPhoto.swift; sourceTree = "<group>"; };
		08787ACC21352BF000569477 /* ErrorResponse.swift */ = {isa = PBXFileReference; fileEncoding = 4; lastKnownFileType = sourcecode.swift; path = ErrorResponse.swift; sourceTree = "<group>"; };
		08787ACD21352BF000569477 /* BaseError.swift */ = {isa = PBXFileReference; fileEncoding = 4; lastKnownFileType = sourcecode.swift; path = BaseError.swift; sourceTree = "<group>"; };
		08787AD121352C3400569477 /* BaseRequest.swift */ = {isa = PBXFileReference; fileEncoding = 4; lastKnownFileType = sourcecode.swift; path = BaseRequest.swift; sourceTree = "<group>"; };
		08787AE421352C3400569477 /* HTTPStatusCode.swift */ = {isa = PBXFileReference; fileEncoding = 4; lastKnownFileType = sourcecode.swift; path = HTTPStatusCode.swift; sourceTree = "<group>"; };
		08787AF821352D0A00569477 /* PhotoRequest.swift */ = {isa = PBXFileReference; lastKnownFileType = sourcecode.swift; path = PhotoRequest.swift; sourceTree = "<group>"; };
		08787AFF2135301D00569477 /* PhotoResponse.swift */ = {isa = PBXFileReference; lastKnownFileType = sourcecode.swift; path = PhotoResponse.swift; sourceTree = "<group>"; };
		08787B02213530B700569477 /* APIService.swift */ = {isa = PBXFileReference; fileEncoding = 4; lastKnownFileType = sourcecode.swift; path = APIService.swift; sourceTree = "<group>"; };
		08787B0A213537E700569477 /* APIKey.swift */ = {isa = PBXFileReference; fileEncoding = 4; lastKnownFileType = sourcecode.swift; path = APIKey.swift; sourceTree = "<group>"; };
		08787B0B213537E700569477 /* URLs.swift */ = {isa = PBXFileReference; fileEncoding = 4; lastKnownFileType = sourcecode.swift; path = URLs.swift; sourceTree = "<group>"; };
		08ADB360213E63F6005A8E60 /* ListImageUseCase.swift */ = {isa = PBXFileReference; lastKnownFileType = sourcecode.swift; path = ListImageUseCase.swift; sourceTree = "<group>"; };
		08C1F20C213E2052005704D2 /* ListImage.storyboard */ = {isa = PBXFileReference; lastKnownFileType = file.storyboard; path = ListImage.storyboard; sourceTree = "<group>"; };
		08C1F20F213E22CB005704D2 /* ListImageCell.swift */ = {isa = PBXFileReference; lastKnownFileType = sourcecode.swift; path = ListImageCell.swift; sourceTree = "<group>"; };
		08C1F210213E22CB005704D2 /* ListImageCell.xib */ = {isa = PBXFileReference; lastKnownFileType = file.xib; path = ListImageCell.xib; sourceTree = "<group>"; };
		08C1F213213E25E9005704D2 /* ListImageNavigator.swift */ = {isa = PBXFileReference; lastKnownFileType = sourcecode.swift; path = ListImageNavigator.swift; sourceTree = "<group>"; };
		08C1F215213E28C5005704D2 /* ListImageViewModel.swift */ = {isa = PBXFileReference; lastKnownFileType = sourcecode.swift; path = ListImageViewModel.swift; sourceTree = "<group>"; };
		08C1F217213E28E4005704D2 /* ListImageViewController.swift */ = {isa = PBXFileReference; lastKnownFileType = sourcecode.swift; path = ListImageViewController.swift; sourceTree = "<group>"; };
		08DA31542140BF7A00DE8E3B /* EditImage.storyboard */ = {isa = PBXFileReference; lastKnownFileType = file.storyboard; path = EditImage.storyboard; sourceTree = "<group>"; };
		08DA31572140C12B00DE8E3B /* EditView.xib */ = {isa = PBXFileReference; lastKnownFileType = file.xib; path = EditView.xib; sourceTree = "<group>"; };
		08DA315A2140C19700DE8E3B /* EditCell.swift */ = {isa = PBXFileReference; lastKnownFileType = sourcecode.swift; path = EditCell.swift; sourceTree = "<group>"; };
		08DA315B2140C19700DE8E3B /* EditCell.xib */ = {isa = PBXFileReference; lastKnownFileType = file.xib; path = EditCell.xib; sourceTree = "<group>"; };
		08DA315E2140C25A00DE8E3B /* EditView.swift */ = {isa = PBXFileReference; lastKnownFileType = sourcecode.swift; path = EditView.swift; sourceTree = "<group>"; };
		08DA31602140C5EE00DE8E3B /* EditImageViewController.swift */ = {isa = PBXFileReference; lastKnownFileType = sourcecode.swift; path = EditImageViewController.swift; sourceTree = "<group>"; };
		08DA31622140C9FA00DE8E3B /* EditImageNavigator.swift */ = {isa = PBXFileReference; lastKnownFileType = sourcecode.swift; path = EditImageNavigator.swift; sourceTree = "<group>"; };
		08DA31642140CAE800DE8E3B /* EditImageViewModel.swift */ = {isa = PBXFileReference; lastKnownFileType = sourcecode.swift; path = EditImageViewModel.swift; sourceTree = "<group>"; };
		08E77BC2213E7C95000F93A3 /* ImageDetail.storyboard */ = {isa = PBXFileReference; lastKnownFileType = file.storyboard; path = ImageDetail.storyboard; sourceTree = "<group>"; };
		08E77BC4213E7D15000F93A3 /* ImageDetailNavigator.swift */ = {isa = PBXFileReference; lastKnownFileType = sourcecode.swift; path = ImageDetailNavigator.swift; sourceTree = "<group>"; };
		08E77BC6213E7D70000F93A3 /* ImageDetailViewController.swift */ = {isa = PBXFileReference; lastKnownFileType = sourcecode.swift; path = ImageDetailViewController.swift; sourceTree = "<group>"; };
		08E77BC8213E7E0C000F93A3 /* ImageDetailViewModel.swift */ = {isa = PBXFileReference; lastKnownFileType = sourcecode.swift; path = ImageDetailViewModel.swift; sourceTree = "<group>"; };
		08F6EE8021363C5200F895B6 /* SearchRequest.swift */ = {isa = PBXFileReference; lastKnownFileType = sourcecode.swift; path = SearchRequest.swift; sourceTree = "<group>"; };
		08F6EE8221363CA900F895B6 /* SearchResponse.swift */ = {isa = PBXFileReference; lastKnownFileType = sourcecode.swift; path = SearchResponse.swift; sourceTree = "<group>"; };
		08F6EE8421363CF000F895B6 /* CollectionResquest.swift */ = {isa = PBXFileReference; lastKnownFileType = sourcecode.swift; path = CollectionResquest.swift; sourceTree = "<group>"; };
		08F6EE8621363DBC00F895B6 /* CollectionResponse.swift */ = {isa = PBXFileReference; lastKnownFileType = sourcecode.swift; path = CollectionResponse.swift; sourceTree = "<group>"; };
		08F6EE8921364A1B00F895B6 /* DownloadService.swift */ = {isa = PBXFileReference; lastKnownFileType = sourcecode.swift; path = DownloadService.swift; sourceTree = "<group>"; };
		08F6EE8B2136599F00F895B6 /* PHPhotoLibrary+SaveImage.swift */ = {isa = PBXFileReference; lastKnownFileType = sourcecode.swift; path = "PHPhotoLibrary+SaveImage.swift"; sourceTree = "<group>"; };
		08F6EE8D2136755000F895B6 /* PhotoInCollectionRequest.swift */ = {isa = PBXFileReference; lastKnownFileType = sourcecode.swift; path = PhotoInCollectionRequest.swift; sourceTree = "<group>"; };
		1B082291214259A800C6EFF0 /* SearchHeader.swift */ = {isa = PBXFileReference; lastKnownFileType = sourcecode.swift; path = SearchHeader.swift; sourceTree = "<group>"; };
		1B08229321425AA000C6EFF0 /* SearchHeader.xib */ = {isa = PBXFileReference; lastKnownFileType = file.xib; path = SearchHeader.xib; sourceTree = "<group>"; };
		1B27E66B213530920014AC4A /* Utils.swift */ = {isa = PBXFileReference; lastKnownFileType = sourcecode.swift; path = Utils.swift; sourceTree = "<group>"; };
		1B505032213F77BB0014C6A5 /* CollectionImages.storyboard */ = {isa = PBXFileReference; lastKnownFileType = file.storyboard; path = CollectionImages.storyboard; sourceTree = "<group>"; };
		1B505034213F77EC0014C6A5 /* CollectionImagesViewController.swift */ = {isa = PBXFileReference; lastKnownFileType = sourcecode.swift; path = CollectionImagesViewController.swift; sourceTree = "<group>"; };
		1B505036213F7A090014C6A5 /* CollectionImagesUseCase.swift */ = {isa = PBXFileReference; lastKnownFileType = sourcecode.swift; path = CollectionImagesUseCase.swift; sourceTree = "<group>"; };
		1B505038213F7C680014C6A5 /* CollectionImagesViewModel.swift */ = {isa = PBXFileReference; lastKnownFileType = sourcecode.swift; path = CollectionImagesViewModel.swift; sourceTree = "<group>"; };
		1B50503A213F91290014C6A5 /* CollectionImagesNavigator.swift */ = {isa = PBXFileReference; lastKnownFileType = sourcecode.swift; path = CollectionImagesNavigator.swift; sourceTree = "<group>"; };
		1B757C28213643CA0007B882 /* IntroNavigator.swift */ = {isa = PBXFileReference; fileEncoding = 4; lastKnownFileType = sourcecode.swift; path = IntroNavigator.swift; sourceTree = "<group>"; };
		1B757C29213643CA0007B882 /* Intro.storyboard */ = {isa = PBXFileReference; fileEncoding = 4; lastKnownFileType = file.storyboard; path = Intro.storyboard; sourceTree = "<group>"; };
		1B757C2A213643CA0007B882 /* IntroViewController.swift */ = {isa = PBXFileReference; fileEncoding = 4; lastKnownFileType = sourcecode.swift; path = IntroViewController.swift; sourceTree = "<group>"; };
		1B757C2F2136454E0007B882 /* Home.storyboard */ = {isa = PBXFileReference; lastKnownFileType = file.storyboard; path = Home.storyboard; sourceTree = "<group>"; };
		1B757C31213645620007B882 /* HomeViewController.swift */ = {isa = PBXFileReference; lastKnownFileType = sourcecode.swift; path = HomeViewController.swift; sourceTree = "<group>"; };
		1B757C34213645A00007B882 /* ImageCollectionCell.swift */ = {isa = PBXFileReference; lastKnownFileType = sourcecode.swift; path = ImageCollectionCell.swift; sourceTree = "<group>"; };
		1B757C35213645A00007B882 /* ImageCollectionCell.xib */ = {isa = PBXFileReference; lastKnownFileType = file.xib; path = ImageCollectionCell.xib; sourceTree = "<group>"; };
		1B757C3A213645D00007B882 /* ImageTableCell.swift */ = {isa = PBXFileReference; lastKnownFileType = sourcecode.swift; path = ImageTableCell.swift; sourceTree = "<group>"; };
		1B757C3B213645D00007B882 /* ImageTableCell.xib */ = {isa = PBXFileReference; lastKnownFileType = file.xib; path = ImageTableCell.xib; sourceTree = "<group>"; };
		1B757C4421366E400007B882 /* ImageRepository.swift */ = {isa = PBXFileReference; lastKnownFileType = sourcecode.swift; path = ImageRepository.swift; sourceTree = "<group>"; };
		1B757C46213675410007B882 /* CollectionRepository.swift */ = {isa = PBXFileReference; lastKnownFileType = sourcecode.swift; path = CollectionRepository.swift; sourceTree = "<group>"; };
		1B757C4821367DB10007B882 /* HomeUseCase.swift */ = {isa = PBXFileReference; lastKnownFileType = sourcecode.swift; path = HomeUseCase.swift; sourceTree = "<group>"; };
		1B757C4A21368AA50007B882 /* HomeViewModel.swift */ = {isa = PBXFileReference; lastKnownFileType = sourcecode.swift; path = HomeViewModel.swift; sourceTree = "<group>"; };
		1BC29E4721467C27004BEEFB /* RandomImageRequest.swift */ = {isa = PBXFileReference; lastKnownFileType = sourcecode.swift; path = RandomImageRequest.swift; sourceTree = "<group>"; };
		1BD4A3F12137915C0022643F /* HomeNavigator.swift */ = {isa = PBXFileReference; lastKnownFileType = sourcecode.swift; path = HomeNavigator.swift; sourceTree = "<group>"; };
		1BD4A3F32137A8B70022643F /* LoadMoreCollectionView.swift */ = {isa = PBXFileReference; fileEncoding = 4; lastKnownFileType = sourcecode.swift; path = LoadMoreCollectionView.swift; sourceTree = "<group>"; };
		1BD4A3F52137CBCB0022643F /* ImageViewExtension.swift */ = {isa = PBXFileReference; lastKnownFileType = sourcecode.swift; path = ImageViewExtension.swift; sourceTree = "<group>"; };
		1BF8940B2140E09700EC6C3D /* Search.storyboard */ = {isa = PBXFileReference; lastKnownFileType = file.storyboard; path = Search.storyboard; sourceTree = "<group>"; };
		1BF894102140E27E00EC6C3D /* SearchViewController.swift */ = {isa = PBXFileReference; lastKnownFileType = sourcecode.swift; path = SearchViewController.swift; sourceTree = "<group>"; };
		1BF894122140E2FE00EC6C3D /* SearchCell.swift */ = {isa = PBXFileReference; lastKnownFileType = sourcecode.swift; path = SearchCell.swift; sourceTree = "<group>"; };
		1BF894132140E2FE00EC6C3D /* SearchCell.xib */ = {isa = PBXFileReference; lastKnownFileType = file.xib; path = SearchCell.xib; sourceTree = "<group>"; };
		1BF894162140FA0A00EC6C3D /* SearchUseCase.swift */ = {isa = PBXFileReference; lastKnownFileType = sourcecode.swift; path = SearchUseCase.swift; sourceTree = "<group>"; };
		1BF894182140FDB700EC6C3D /* SearchViewModel.swift */ = {isa = PBXFileReference; lastKnownFileType = sourcecode.swift; path = SearchViewModel.swift; sourceTree = "<group>"; };
		1BF8941A2141005200EC6C3D /* SearchNavigator.swift */ = {isa = PBXFileReference; lastKnownFileType = sourcecode.swift; path = SearchNavigator.swift; sourceTree = "<group>"; };
		77172BC32C620FEE220EE457 /* Pods-MyEditor.debug.xcconfig */ = {isa = PBXFileReference; includeInIndex = 1; lastKnownFileType = text.xcconfig; name = "Pods-MyEditor.debug.xcconfig"; path = "Pods/Target Support Files/Pods-MyEditor/Pods-MyEditor.debug.xcconfig"; sourceTree = "<group>"; };
		7B314E99F19649130D233435 /* Pods_MyEditor.framework */ = {isa = PBXFileReference; explicitFileType = wrapper.framework; includeInIndex = 0; path = Pods_MyEditor.framework; sourceTree = BUILT_PRODUCTS_DIR; };
		E625F21083A8C8D24E625011 /* Pods-MyEditor.release.xcconfig */ = {isa = PBXFileReference; includeInIndex = 1; lastKnownFileType = text.xcconfig; name = "Pods-MyEditor.release.xcconfig"; path = "Pods/Target Support Files/Pods-MyEditor/Pods-MyEditor.release.xcconfig"; sourceTree = "<group>"; };
/* End PBXFileReference section */

/* Begin PBXFrameworksBuildPhase section */
		08787A8B2134DC3100569477 /* Frameworks */ = {
			isa = PBXFrameworksBuildPhase;
			buildActionMask = 2147483647;
			files = (
				CAD519AA52EBCA719AF780D4 /* Pods_MyEditor.framework in Frameworks */,
			);
			runOnlyForDeploymentPostprocessing = 0;
		};
/* End PBXFrameworksBuildPhase section */

/* Begin PBXGroup section */
		08072A9821377F640020F80E /* App */ = {
			isa = PBXGroup;
			children = (
				08787A912134DC3100569477 /* AppDelegate.swift */,
				08072A9921377FB40020F80E /* AppNavigator.swift */,
				08072AA3213783860020F80E /* AppViewModel.swift */,
				08072AA5213783AC0020F80E /* AppUseCase.swift */,
			);
			path = App;
			sourceTree = "<group>";
		};
		08072A9B2137805F0020F80E /* Storyboards */ = {
			isa = PBXGroup;
			children = (
				08072A9C213780720020F80E /* Storyboards.swift */,
			);
			path = Storyboards;
			sourceTree = "<group>";
		};
		08072A9E213781510020F80E /* Library */ = {
			isa = PBXGroup;
			children = (
				08072AA92137A1D10020F80E /* Cell */,
				08072A9F2137817D0020F80E /* Library.storyboard */,
				08072AA1213781980020F80E /* LibraryViewController.swift */,
				0851BB982138D5630059C43F /* LibraryUseCase.swift */,
				0851BB9C2138D6DD0059C43F /* LibraryNavigator.swift */,
				0851BB9A2138D6120059C43F /* LibraryViewModel.swift */,
			);
			path = Library;
			sourceTree = "<group>";
		};
		08072AA92137A1D10020F80E /* Cell */ = {
			isa = PBXGroup;
			children = (
				08072AAA2137A1F80020F80E /* ListAlbumCell.swift */,
				08072AAB2137A1F80020F80E /* ListAlbumCell.xib */,
			);
			path = Cell;
			sourceTree = "<group>";
		};
		08787A852134DC3100569477 = {
			isa = PBXGroup;
			children = (
				08787A902134DC3100569477 /* MyEditor */,
				08787A8F2134DC3100569477 /* Products */,
				16A56339173FBB57F3E95CDA /* Pods */,
				095BA90798104CE93D2C45D5 /* Frameworks */,
			);
			sourceTree = "<group>";
		};
		08787A8F2134DC3100569477 /* Products */ = {
			isa = PBXGroup;
			children = (
				08787A8E2134DC3100569477 /* MyEditor.app */,
			);
			name = Products;
			sourceTree = "<group>";
		};
		08787A902134DC3100569477 /* MyEditor */ = {
			isa = PBXGroup;
			children = (
				08072A9B2137805F0020F80E /* Storyboards */,
				08072A9821377F640020F80E /* App */,
				1B757C4121366E0D0007B882 /* Repositories */,
				1B757C26213643460007B882 /* Scene */,
				1B27E66A213530850014AC4A /* Support */,
				08787ACA21352B6D00569477 /* API */,
				08787AC32135278100569477 /* Model */,
				08787AA32134F13500569477 /* Extension */,
				08787AB02134F24000569477 /* Architecture */,
				08787A952134DC3100569477 /* Main.storyboard */,
				08787A982134DC3200569477 /* Assets.xcassets */,
				08787A9A2134DC3200569477 /* LaunchScreen.storyboard */,
				08787A9D2134DC3200569477 /* Info.plist */,
			);
			path = MyEditor;
			sourceTree = "<group>";
		};
		08787AA32134F13500569477 /* Extension */ = {
			isa = PBXGroup;
			children = (
				08787AA42134F13500569477 /* BindableType.swift */,
				08787AA52134F13500569477 /* ErrorTracker.swift */,
				08787AA62134F13500569477 /* ActivityIndicator.swift */,
				08787AA72134F13500569477 /* UIViewController+.swift */,
				08787AA82134F13500569477 /* UIViewController+Rx.swift */,
				08787AA92134F13500569477 /* Observable+.swift */,
				08F6EE8B2136599F00F895B6 /* PHPhotoLibrary+SaveImage.swift */,
				1BD4A3F52137CBCB0022643F /* ImageViewExtension.swift */,
			);
			path = Extension;
			sourceTree = "<group>";
		};
		08787AB02134F24000569477 /* Architecture */ = {
			isa = PBXGroup;
			children = (
				08787AB12134F24000569477 /* LoadMore */,
				08787AB72134F24000569477 /* Model */,
			);
			path = Architecture;
			sourceTree = "<group>";
		};
		08787AB12134F24000569477 /* LoadMore */ = {
			isa = PBXGroup;
			children = (
				1BD4A3F32137A8B70022643F /* LoadMoreCollectionView.swift */,
				08787AB22134F24000569477 /* RefreshAutoHeader.swift */,
				08787AB32134F24000569477 /* ViewModelType+Loadmore.swift */,
				08787AB42134F24000569477 /* LoadMoreTableView.swift */,
				08787AB52134F24000569477 /* RefreshTableView.swift */,
				08787AB62134F24000569477 /* RefreshAutoFooter.swift */,
			);
			path = LoadMore;
			sourceTree = "<group>";
		};
		08787AB72134F24000569477 /* Model */ = {
			isa = PBXGroup;
			children = (
				08787AB82134F24000569477 /* PagingInfo.swift */,
				08787AB92134F24000569477 /* ViewModelType.swift */,
				08787ABA2134F24000569477 /* HasID.swift */,
			);
			path = Model;
			sourceTree = "<group>";
		};
		08787AC32135278100569477 /* Model */ = {
			isa = PBXGroup;
			children = (
				08787AC4213527A800569477 /* Collection.swift */,
				08787AC62135286200569477 /* Photo.swift */,
				08787AC8213528FF00569477 /* URLPhoto.swift */,
				0851BB942138D0900059C43F /* Album.swift */,
			);
			path = Model;
			sourceTree = "<group>";
		};
		08787ACA21352B6D00569477 /* API */ = {
			isa = PBXGroup;
			children = (
				08787B0B213537E700569477 /* URLs.swift */,
				08787B09213537E700569477 /* Private */,
				08787B012135309100569477 /* Service */,
				08787AD021352C3400569477 /* Request */,
				08787ADC21352C3400569477 /* Response */,
				08787ACB21352BF000569477 /* Error */,
			);
			path = API;
			sourceTree = "<group>";
		};
		08787ACB21352BF000569477 /* Error */ = {
			isa = PBXGroup;
			children = (
				08787ACC21352BF000569477 /* ErrorResponse.swift */,
				08787ACD21352BF000569477 /* BaseError.swift */,
			);
			path = Error;
			sourceTree = "<group>";
		};
		08787AD021352C3400569477 /* Request */ = {
			isa = PBXGroup;
			children = (
				08787AD121352C3400569477 /* BaseRequest.swift */,
				08787AF821352D0A00569477 /* PhotoRequest.swift */,
				08F6EE8421363CF000F895B6 /* CollectionResquest.swift */,
				08F6EE8021363C5200F895B6 /* SearchRequest.swift */,
				08F6EE8D2136755000F895B6 /* PhotoInCollectionRequest.swift */,
				1BC29E4721467C27004BEEFB /* RandomImageRequest.swift */,
			);
			path = Request;
			sourceTree = "<group>";
		};
		08787ADC21352C3400569477 /* Response */ = {
			isa = PBXGroup;
			children = (
				08787AE421352C3400569477 /* HTTPStatusCode.swift */,
				08787AFF2135301D00569477 /* PhotoResponse.swift */,
				08F6EE8621363DBC00F895B6 /* CollectionResponse.swift */,
				08F6EE8221363CA900F895B6 /* SearchResponse.swift */,
			);
			path = Response;
			sourceTree = "<group>";
		};
		08787B012135309100569477 /* Service */ = {
			isa = PBXGroup;
			children = (
				08787B02213530B700569477 /* APIService.swift */,
				08F6EE8921364A1B00F895B6 /* DownloadService.swift */,
			);
			path = Service;
			sourceTree = "<group>";
		};
		08787B09213537E700569477 /* Private */ = {
			isa = PBXGroup;
			children = (
				08787B0A213537E700569477 /* APIKey.swift */,
			);
			path = Private;
			sourceTree = "<group>";
		};
		08C1F20B213E202D005704D2 /* List Image */ = {
			isa = PBXGroup;
			children = (
				08C1F20E213E229F005704D2 /* Cell */,
				08C1F20C213E2052005704D2 /* ListImage.storyboard */,
				08C1F213213E25E9005704D2 /* ListImageNavigator.swift */,
				08C1F215213E28C5005704D2 /* ListImageViewModel.swift */,
				08ADB360213E63F6005A8E60 /* ListImageUseCase.swift */,
				08C1F217213E28E4005704D2 /* ListImageViewController.swift */,
			);
			path = "List Image";
			sourceTree = "<group>";
		};
		08C1F20E213E229F005704D2 /* Cell */ = {
			isa = PBXGroup;
			children = (
				08C1F20F213E22CB005704D2 /* ListImageCell.swift */,
				08C1F210213E22CB005704D2 /* ListImageCell.xib */,
			);
			path = Cell;
			sourceTree = "<group>";
		};
		08DA31532140BF6300DE8E3B /* Edit Image */ = {
			isa = PBXGroup;
			children = (
				08DA31592140C17600DE8E3B /* Cell */,
				08DA31562140C11000DE8E3B /* View */,
				08DA31542140BF7A00DE8E3B /* EditImage.storyboard */,
				08DA31602140C5EE00DE8E3B /* EditImageViewController.swift */,
				08DA31642140CAE800DE8E3B /* EditImageViewModel.swift */,
				08DA31622140C9FA00DE8E3B /* EditImageNavigator.swift */,
				086774F52146075D0062F965 /* EditImageUseCase.swift */,
			);
			path = "Edit Image";
			sourceTree = "<group>";
		};
		08DA31562140C11000DE8E3B /* View */ = {
			isa = PBXGroup;
			children = (
				08DA31572140C12B00DE8E3B /* EditView.xib */,
				08DA315E2140C25A00DE8E3B /* EditView.swift */,
			);
			path = View;
			sourceTree = "<group>";
		};
		08DA31592140C17600DE8E3B /* Cell */ = {
			isa = PBXGroup;
			children = (
				08DA315A2140C19700DE8E3B /* EditCell.swift */,
				08DA315B2140C19700DE8E3B /* EditCell.xib */,
			);
			path = Cell;
			sourceTree = "<group>";
		};
		08E77BC1213E7C7E000F93A3 /* ImageDetail */ = {
			isa = PBXGroup;
			children = (
				08E77BC2213E7C95000F93A3 /* ImageDetail.storyboard */,
				08E77BC4213E7D15000F93A3 /* ImageDetailNavigator.swift */,
				08E77BC6213E7D70000F93A3 /* ImageDetailViewController.swift */,
				08E77BC8213E7E0C000F93A3 /* ImageDetailViewModel.swift */,
			);
			path = ImageDetail;
			sourceTree = "<group>";
		};
		095BA90798104CE93D2C45D5 /* Frameworks */ = {
			isa = PBXGroup;
			children = (
				7B314E99F19649130D233435 /* Pods_MyEditor.framework */,
			);
			name = Frameworks;
			sourceTree = "<group>";
		};
		16A56339173FBB57F3E95CDA /* Pods */ = {
			isa = PBXGroup;
			children = (
				77172BC32C620FEE220EE457 /* Pods-MyEditor.debug.xcconfig */,
				E625F21083A8C8D24E625011 /* Pods-MyEditor.release.xcconfig */,
			);
			name = Pods;
			sourceTree = "<group>";
		};
		1B27E66A213530850014AC4A /* Support */ = {
			isa = PBXGroup;
			children = (
				1B27E66B213530920014AC4A /* Utils.swift */,
			);
			path = Support;
			sourceTree = "<group>";
		};
		1B505031213F77810014C6A5 /* CollectionImages */ = {
			isa = PBXGroup;
			children = (
				1B505032213F77BB0014C6A5 /* CollectionImages.storyboard */,
				1B505034213F77EC0014C6A5 /* CollectionImagesViewController.swift */,
				1B505036213F7A090014C6A5 /* CollectionImagesUseCase.swift */,
				1B505038213F7C680014C6A5 /* CollectionImagesViewModel.swift */,
				1B50503A213F91290014C6A5 /* CollectionImagesNavigator.swift */,
			);
			path = CollectionImages;
			sourceTree = "<group>";
		};
		1B757C26213643460007B882 /* Scene */ = {
			isa = PBXGroup;
			children = (
				08DA31532140BF6300DE8E3B /* Edit Image */,
				1BF8940A2140E08600EC6C3D /* Search */,
				1B505031213F77810014C6A5 /* CollectionImages */,
				08E77BC1213E7C7E000F93A3 /* ImageDetail */,
				08C1F20B213E202D005704D2 /* List Image */,
				08072A9E213781510020F80E /* Library */,
				1B757C2E2136451E0007B882 /* Home */,
				1B757C27213643520007B882 /* IntroView */,
			);
			path = Scene;
			sourceTree = "<group>";
		};
		1B757C27213643520007B882 /* IntroView */ = {
			isa = PBXGroup;
			children = (
				1B757C29213643CA0007B882 /* Intro.storyboard */,
				1B757C28213643CA0007B882 /* IntroNavigator.swift */,
				1B757C2A213643CA0007B882 /* IntroViewController.swift */,
			);
			path = IntroView;
			sourceTree = "<group>";
		};
		1B757C2E2136451E0007B882 /* Home */ = {
			isa = PBXGroup;
			children = (
				1B757C332136457B0007B882 /* Cell */,
				1B757C2F2136454E0007B882 /* Home.storyboard */,
				1B757C31213645620007B882 /* HomeViewController.swift */,
				1B757C4821367DB10007B882 /* HomeUseCase.swift */,
				1B757C4A21368AA50007B882 /* HomeViewModel.swift */,
				1BD4A3F12137915C0022643F /* HomeNavigator.swift */,
			);
			path = Home;
			sourceTree = "<group>";
		};
		1B757C332136457B0007B882 /* Cell */ = {
			isa = PBXGroup;
			children = (
				1B757C34213645A00007B882 /* ImageCollectionCell.swift */,
				1B757C35213645A00007B882 /* ImageCollectionCell.xib */,
				1B757C3A213645D00007B882 /* ImageTableCell.swift */,
				1B757C3B213645D00007B882 /* ImageTableCell.xib */,
			);
			path = Cell;
			sourceTree = "<group>";
		};
		1B757C4121366E0D0007B882 /* Repositories */ = {
			isa = PBXGroup;
			children = (
				1B757C4421366E400007B882 /* ImageRepository.swift */,
				1B757C46213675410007B882 /* CollectionRepository.swift */,
				0851BB962138D2400059C43F /* LibraryRepository.swift */,
			);
			path = Repositories;
			sourceTree = "<group>";
		};
		1BF8940A2140E08600EC6C3D /* Search */ = {
			isa = PBXGroup;
			children = (
				1BF8940D2140E25000EC6C3D /* Cell */,
				1BF8940B2140E09700EC6C3D /* Search.storyboard */,
				1BF894102140E27E00EC6C3D /* SearchViewController.swift */,
				1BF894162140FA0A00EC6C3D /* SearchUseCase.swift */,
				1BF894182140FDB700EC6C3D /* SearchViewModel.swift */,
				1BF8941A2141005200EC6C3D /* SearchNavigator.swift */,
			);
			path = Search;
			sourceTree = "<group>";
		};
		1BF8940D2140E25000EC6C3D /* Cell */ = {
			isa = PBXGroup;
			children = (
				1BF894122140E2FE00EC6C3D /* SearchCell.swift */,
				1BF894132140E2FE00EC6C3D /* SearchCell.xib */,
				1B082291214259A800C6EFF0 /* SearchHeader.swift */,
				1B08229321425AA000C6EFF0 /* SearchHeader.xib */,
			);
			path = Cell;
			sourceTree = "<group>";
		};
/* End PBXGroup section */

/* Begin PBXNativeTarget section */
		08787A8D2134DC3100569477 /* MyEditor */ = {
			isa = PBXNativeTarget;
			buildConfigurationList = 08787AA02134DC3200569477 /* Build configuration list for PBXNativeTarget "MyEditor" */;
			buildPhases = (
				167ED1DDE8BA959CEB0F377A /* [CP] Check Pods Manifest.lock */,
				08787A8A2134DC3100569477 /* Sources */,
				08787A8B2134DC3100569477 /* Frameworks */,
				08787A8C2134DC3100569477 /* Resources */,
				FAB3242C85B15F300248263A /* [CP] Embed Pods Frameworks */,
			);
			buildRules = (
			);
			dependencies = (
			);
			name = MyEditor;
			productName = MyEditor;
			productReference = 08787A8E2134DC3100569477 /* MyEditor.app */;
			productType = "com.apple.product-type.application";
		};
/* End PBXNativeTarget section */

/* Begin PBXProject section */
		08787A862134DC3100569477 /* Project object */ = {
			isa = PBXProject;
			attributes = {
				LastSwiftUpdateCheck = 0940;
				LastUpgradeCheck = 0940;
				ORGANIZATIONNAME = "Do Hung";
				TargetAttributes = {
					08787A8D2134DC3100569477 = {
						CreatedOnToolsVersion = 9.4.1;
					};
				};
			};
			buildConfigurationList = 08787A892134DC3100569477 /* Build configuration list for PBXProject "MyEditor" */;
			compatibilityVersion = "Xcode 9.3";
			developmentRegion = en;
			hasScannedForEncodings = 0;
			knownRegions = (
				en,
				Base,
			);
			mainGroup = 08787A852134DC3100569477;
			productRefGroup = 08787A8F2134DC3100569477 /* Products */;
			projectDirPath = "";
			projectRoot = "";
			targets = (
				08787A8D2134DC3100569477 /* MyEditor */,
			);
		};
/* End PBXProject section */

/* Begin PBXResourcesBuildPhase section */
		08787A8C2134DC3100569477 /* Resources */ = {
			isa = PBXResourcesBuildPhase;
			buildActionMask = 2147483647;
			files = (
				1BF894152140E2FE00EC6C3D /* SearchCell.xib in Resources */,
				08787A9C2134DC3200569477 /* LaunchScreen.storyboard in Resources */,
				1B08229421425AA000C6EFF0 /* SearchHeader.xib in Resources */,
				1B757C302136454E0007B882 /* Home.storyboard in Resources */,
				08C1F20D213E2052005704D2 /* ListImage.storyboard in Resources */,
				08DA315D2140C19700DE8E3B /* EditCell.xib in Resources */,
				08DA31582140C12B00DE8E3B /* EditView.xib in Resources */,
				08787A992134DC3200569477 /* Assets.xcassets in Resources */,
				1BF8940C2140E09700EC6C3D /* Search.storyboard in Resources */,
				1B757C37213645A00007B882 /* ImageCollectionCell.xib in Resources */,
				08787A972134DC3100569477 /* Main.storyboard in Resources */,
				08DA31552140BF7A00DE8E3B /* EditImage.storyboard in Resources */,
				1B757C2C213643CA0007B882 /* Intro.storyboard in Resources */,
				08E77BC3213E7C95000F93A3 /* ImageDetail.storyboard in Resources */,
				08072AA02137817D0020F80E /* Library.storyboard in Resources */,
				1B505033213F77BB0014C6A5 /* CollectionImages.storyboard in Resources */,
				08C1F212213E22CB005704D2 /* ListImageCell.xib in Resources */,
				08072AAD2137A1F80020F80E /* ListAlbumCell.xib in Resources */,
				1B757C3D213645D00007B882 /* ImageTableCell.xib in Resources */,
			);
			runOnlyForDeploymentPostprocessing = 0;
		};
/* End PBXResourcesBuildPhase section */

/* Begin PBXShellScriptBuildPhase section */
		167ED1DDE8BA959CEB0F377A /* [CP] Check Pods Manifest.lock */ = {
			isa = PBXShellScriptBuildPhase;
			buildActionMask = 2147483647;
			files = (
			);
			inputPaths = (
				"${PODS_PODFILE_DIR_PATH}/Podfile.lock",
				"${PODS_ROOT}/Manifest.lock",
			);
			name = "[CP] Check Pods Manifest.lock";
			outputPaths = (
				"$(DERIVED_FILE_DIR)/Pods-MyEditor-checkManifestLockResult.txt",
			);
			runOnlyForDeploymentPostprocessing = 0;
			shellPath = /bin/sh;
			shellScript = "diff \"${PODS_PODFILE_DIR_PATH}/Podfile.lock\" \"${PODS_ROOT}/Manifest.lock\" > /dev/null\nif [ $? != 0 ] ; then\n    # print error to STDERR\n    echo \"error: The sandbox is not in sync with the Podfile.lock. Run 'pod install' or update your CocoaPods installation.\" >&2\n    exit 1\nfi\n# This output is used by Xcode 'outputs' to avoid re-running this script phase.\necho \"SUCCESS\" > \"${SCRIPT_OUTPUT_FILE_0}\"\n";
			showEnvVarsInLog = 0;
		};
		FAB3242C85B15F300248263A /* [CP] Embed Pods Frameworks */ = {
			isa = PBXShellScriptBuildPhase;
			buildActionMask = 2147483647;
			files = (
			);
			inputPaths = (
				"${SRCROOT}/Pods/Target Support Files/Pods-MyEditor/Pods-MyEditor-frameworks.sh",
				"${BUILT_PRODUCTS_DIR}/Alamofire/Alamofire.framework",
				"${BUILT_PRODUCTS_DIR}/Differentiator/Differentiator.framework",
				"${BUILT_PRODUCTS_DIR}/Kingfisher/Kingfisher.framework",
				"${BUILT_PRODUCTS_DIR}/MBProgressHUD/MBProgressHUD.framework",
				"${BUILT_PRODUCTS_DIR}/MJRefresh/MJRefresh.framework",
				"${BUILT_PRODUCTS_DIR}/MKProgress/MKProgress.framework",
				"${BUILT_PRODUCTS_DIR}/NSObject+Rx/NSObject_Rx.framework",
				"${BUILT_PRODUCTS_DIR}/ObjectMapper/ObjectMapper.framework",
				"${BUILT_PRODUCTS_DIR}/OrderedSet/OrderedSet.framework",
				"${BUILT_PRODUCTS_DIR}/Reusable/Reusable.framework",
				"${BUILT_PRODUCTS_DIR}/RxCocoa/RxCocoa.framework",
				"${BUILT_PRODUCTS_DIR}/RxDataSources/RxDataSources.framework",
				"${BUILT_PRODUCTS_DIR}/RxGesture/RxGesture.framework",
				"${BUILT_PRODUCTS_DIR}/RxSwift/RxSwift.framework",
				"${BUILT_PRODUCTS_DIR}/SnapKit/SnapKit.framework",
				"${BUILT_PRODUCTS_DIR}/Then/Then.framework",
				"${BUILT_PRODUCTS_DIR}/paper-onboarding/paper_onboarding.framework",
			);
			name = "[CP] Embed Pods Frameworks";
			outputPaths = (
				"${TARGET_BUILD_DIR}/${FRAMEWORKS_FOLDER_PATH}/Alamofire.framework",
				"${TARGET_BUILD_DIR}/${FRAMEWORKS_FOLDER_PATH}/Differentiator.framework",
				"${TARGET_BUILD_DIR}/${FRAMEWORKS_FOLDER_PATH}/Kingfisher.framework",
				"${TARGET_BUILD_DIR}/${FRAMEWORKS_FOLDER_PATH}/MBProgressHUD.framework",
				"${TARGET_BUILD_DIR}/${FRAMEWORKS_FOLDER_PATH}/MJRefresh.framework",
				"${TARGET_BUILD_DIR}/${FRAMEWORKS_FOLDER_PATH}/MKProgress.framework",
				"${TARGET_BUILD_DIR}/${FRAMEWORKS_FOLDER_PATH}/NSObject_Rx.framework",
				"${TARGET_BUILD_DIR}/${FRAMEWORKS_FOLDER_PATH}/ObjectMapper.framework",
				"${TARGET_BUILD_DIR}/${FRAMEWORKS_FOLDER_PATH}/OrderedSet.framework",
				"${TARGET_BUILD_DIR}/${FRAMEWORKS_FOLDER_PATH}/Reusable.framework",
				"${TARGET_BUILD_DIR}/${FRAMEWORKS_FOLDER_PATH}/RxCocoa.framework",
				"${TARGET_BUILD_DIR}/${FRAMEWORKS_FOLDER_PATH}/RxDataSources.framework",
				"${TARGET_BUILD_DIR}/${FRAMEWORKS_FOLDER_PATH}/RxGesture.framework",
				"${TARGET_BUILD_DIR}/${FRAMEWORKS_FOLDER_PATH}/RxSwift.framework",
				"${TARGET_BUILD_DIR}/${FRAMEWORKS_FOLDER_PATH}/SnapKit.framework",
				"${TARGET_BUILD_DIR}/${FRAMEWORKS_FOLDER_PATH}/Then.framework",
				"${TARGET_BUILD_DIR}/${FRAMEWORKS_FOLDER_PATH}/paper_onboarding.framework",
			);
			runOnlyForDeploymentPostprocessing = 0;
			shellPath = /bin/sh;
			shellScript = "\"${SRCROOT}/Pods/Target Support Files/Pods-MyEditor/Pods-MyEditor-frameworks.sh\"\n";
			showEnvVarsInLog = 0;
		};
/* End PBXShellScriptBuildPhase section */

/* Begin PBXSourcesBuildPhase section */
		08787A8A2134DC3100569477 /* Sources */ = {
			isa = PBXSourcesBuildPhase;
			buildActionMask = 2147483647;
			files = (
				08787ABF2134F24000569477 /* RefreshAutoFooter.swift in Sources */,
				08787B0D213537E700569477 /* URLs.swift in Sources */,
				08787AC5213527A800569477 /* Collection.swift in Sources */,
				08787AAC2134F13500569477 /* ActivityIndicator.swift in Sources */,
				1BF894192140FDB700EC6C3D /* SearchViewModel.swift in Sources */,
				1BF8941B2141005200EC6C3D /* SearchNavigator.swift in Sources */,
				08787AC9213528FF00569477 /* URLPhoto.swift in Sources */,
				1B757C32213645620007B882 /* HomeViewController.swift in Sources */,
				1BD4A3F62137CBCB0022643F /* ImageViewExtension.swift in Sources */,
				08072A9D213780720020F80E /* Storyboards.swift in Sources */,
				08787AAD2134F13500569477 /* UIViewController+.swift in Sources */,
				1B757C2B213643CA0007B882 /* IntroNavigator.swift in Sources */,
				08787AE521352C3400569477 /* BaseRequest.swift in Sources */,
				08F6EE8121363C5200F895B6 /* SearchRequest.swift in Sources */,
				1B505035213F77EC0014C6A5 /* CollectionImagesViewController.swift in Sources */,
				08787ABB2134F24000569477 /* RefreshAutoHeader.swift in Sources */,
				08F6EE8C2136599F00F895B6 /* PHPhotoLibrary+SaveImage.swift in Sources */,
				08E77BC7213E7D70000F93A3 /* ImageDetailViewController.swift in Sources */,
				08787B002135301D00569477 /* PhotoResponse.swift in Sources */,
				08787AAA2134F13500569477 /* BindableType.swift in Sources */,
				08ADB361213E63F6005A8E60 /* ListImageUseCase.swift in Sources */,
				08F6EE8E2136755000F895B6 /* PhotoInCollectionRequest.swift in Sources */,
				08787AAF2134F13500569477 /* Observable+.swift in Sources */,
				1B082292214259A800C6EFF0 /* SearchHeader.swift in Sources */,
				0851BB9D2138D6DD0059C43F /* LibraryNavigator.swift in Sources */,
				1B757C4921367DB10007B882 /* HomeUseCase.swift in Sources */,
				08787AC02134F24000569477 /* PagingInfo.swift in Sources */,
				08E77BC5213E7D15000F93A3 /* ImageDetailNavigator.swift in Sources */,
				08E77BC9213E7E0C000F93A3 /* ImageDetailViewModel.swift in Sources */,
				1B757C36213645A00007B882 /* ImageCollectionCell.swift in Sources */,
				08C1F214213E25E9005704D2 /* ListImageNavigator.swift in Sources */,
				08C1F211213E22CB005704D2 /* ListImageCell.swift in Sources */,
				0851BB952138D0900059C43F /* Album.swift in Sources */,
				1BD4A3F42137A8B80022643F /* LoadMoreCollectionView.swift in Sources */,
				1BC29E4821467C27004BEEFB /* RandomImageRequest.swift in Sources */,
				1B757C47213675410007B882 /* CollectionRepository.swift in Sources */,
				08787AC12134F24000569477 /* ViewModelType.swift in Sources */,
				08072A9A21377FB40020F80E /* AppNavigator.swift in Sources */,
				1B757C4521366E400007B882 /* ImageRepository.swift in Sources */,
				08F6EE8721363DBC00F895B6 /* CollectionResponse.swift in Sources */,
				08F6EE8521363CF000F895B6 /* CollectionResquest.swift in Sources */,
				08DA31632140C9FA00DE8E3B /* EditImageNavigator.swift in Sources */,
				08C1F216213E28C5005704D2 /* ListImageViewModel.swift in Sources */,
				1B757C4B21368AA50007B882 /* HomeViewModel.swift in Sources */,
				1B757C3C213645D00007B882 /* ImageTableCell.swift in Sources */,
				08787A922134DC3100569477 /* AppDelegate.swift in Sources */,
				08DA31652140CAE800DE8E3B /* EditImageViewModel.swift in Sources */,
				1B757C2D213643CA0007B882 /* IntroViewController.swift in Sources */,
				0851BB992138D5630059C43F /* LibraryUseCase.swift in Sources */,
				08787ABC2134F24000569477 /* ViewModelType+Loadmore.swift in Sources */,
				1B27E66C213530920014AC4A /* Utils.swift in Sources */,
				0851BB9B2138D6120059C43F /* LibraryViewModel.swift in Sources */,
				08072AA2213781980020F80E /* LibraryViewController.swift in Sources */,
				08787ACF21352BF000569477 /* BaseError.swift in Sources */,
				1B50503B213F91290014C6A5 /* CollectionImagesNavigator.swift in Sources */,
				1BF894142140E2FE00EC6C3D /* SearchCell.swift in Sources */,
				0851BB972138D2400059C43F /* LibraryRepository.swift in Sources */,
				08DA315F2140C25A00DE8E3B /* EditView.swift in Sources */,
				1BD4A3F22137915C0022643F /* HomeNavigator.swift in Sources */,
				1B505037213F7A090014C6A5 /* CollectionImagesUseCase.swift in Sources */,
				086774F62146075D0062F965 /* EditImageUseCase.swift in Sources */,
				08C1F218213E28E5005704D2 /* ListImageViewController.swift in Sources */,
				1BF894172140FA0A00EC6C3D /* SearchUseCase.swift in Sources */,
				08787AC72135286200569477 /* Photo.swift in Sources */,
				1B505039213F7C680014C6A5 /* CollectionImagesViewModel.swift in Sources */,
				08787AF921352D0A00569477 /* PhotoRequest.swift in Sources */,
				08DA315C2140C19700DE8E3B /* EditCell.swift in Sources */,
				08787AAB2134F13500569477 /* ErrorTracker.swift in Sources */,
				08787AF721352C3400569477 /* HTTPStatusCode.swift in Sources */,
				08787B03213530B700569477 /* APIService.swift in Sources */,
				08787ACE21352BF000569477 /* ErrorResponse.swift in Sources */,
				08787AAE2134F13500569477 /* UIViewController+Rx.swift in Sources */,
				08DA31612140C5EE00DE8E3B /* EditImageViewController.swift in Sources */,
				08787ABD2134F24000569477 /* LoadMoreTableView.swift in Sources */,
				08F6EE8321363CA900F895B6 /* SearchResponse.swift in Sources */,
				08787ABE2134F24000569477 /* RefreshTableView.swift in Sources */,
				08787B0C213537E700569477 /* APIKey.swift in Sources */,
				1BF894112140E27E00EC6C3D /* SearchViewController.swift in Sources */,
				08787AC22134F24000569477 /* HasID.swift in Sources */,
				08072AA6213783AC0020F80E /* AppUseCase.swift in Sources */,
				08072AA4213783860020F80E /* AppViewModel.swift in Sources */,
				08F6EE8A21364A1B00F895B6 /* DownloadService.swift in Sources */,
				08072AAC2137A1F80020F80E /* ListAlbumCell.swift in Sources */,
			);
			runOnlyForDeploymentPostprocessing = 0;
		};
/* End PBXSourcesBuildPhase section */

/* Begin PBXVariantGroup section */
		08787A952134DC3100569477 /* Main.storyboard */ = {
			isa = PBXVariantGroup;
			children = (
				08787A962134DC3100569477 /* Base */,
			);
			name = Main.storyboard;
			sourceTree = "<group>";
		};
		08787A9A2134DC3200569477 /* LaunchScreen.storyboard */ = {
			isa = PBXVariantGroup;
			children = (
				08787A9B2134DC3200569477 /* Base */,
			);
			name = LaunchScreen.storyboard;
			sourceTree = "<group>";
		};
/* End PBXVariantGroup section */

/* Begin XCBuildConfiguration section */
		08787A9E2134DC3200569477 /* Debug */ = {
			isa = XCBuildConfiguration;
			buildSettings = {
				ALWAYS_SEARCH_USER_PATHS = NO;
				CLANG_ANALYZER_NONNULL = YES;
				CLANG_ANALYZER_NUMBER_OBJECT_CONVERSION = YES_AGGRESSIVE;
				CLANG_CXX_LANGUAGE_STANDARD = "gnu++14";
				CLANG_CXX_LIBRARY = "libc++";
				CLANG_ENABLE_MODULES = YES;
				CLANG_ENABLE_OBJC_ARC = YES;
				CLANG_ENABLE_OBJC_WEAK = YES;
				CLANG_WARN_BLOCK_CAPTURE_AUTORELEASING = YES;
				CLANG_WARN_BOOL_CONVERSION = YES;
				CLANG_WARN_COMMA = YES;
				CLANG_WARN_CONSTANT_CONVERSION = YES;
				CLANG_WARN_DEPRECATED_OBJC_IMPLEMENTATIONS = YES;
				CLANG_WARN_DIRECT_OBJC_ISA_USAGE = YES_ERROR;
				CLANG_WARN_DOCUMENTATION_COMMENTS = YES;
				CLANG_WARN_EMPTY_BODY = YES;
				CLANG_WARN_ENUM_CONVERSION = YES;
				CLANG_WARN_INFINITE_RECURSION = YES;
				CLANG_WARN_INT_CONVERSION = YES;
				CLANG_WARN_NON_LITERAL_NULL_CONVERSION = YES;
				CLANG_WARN_OBJC_IMPLICIT_RETAIN_SELF = YES;
				CLANG_WARN_OBJC_LITERAL_CONVERSION = YES;
				CLANG_WARN_OBJC_ROOT_CLASS = YES_ERROR;
				CLANG_WARN_RANGE_LOOP_ANALYSIS = YES;
				CLANG_WARN_STRICT_PROTOTYPES = YES;
				CLANG_WARN_SUSPICIOUS_MOVE = YES;
				CLANG_WARN_UNGUARDED_AVAILABILITY = YES_AGGRESSIVE;
				CLANG_WARN_UNREACHABLE_CODE = YES;
				CLANG_WARN__DUPLICATE_METHOD_MATCH = YES;
				CODE_SIGN_IDENTITY = "iPhone Developer";
				COPY_PHASE_STRIP = NO;
				DEBUG_INFORMATION_FORMAT = dwarf;
				ENABLE_STRICT_OBJC_MSGSEND = YES;
				ENABLE_TESTABILITY = YES;
				GCC_C_LANGUAGE_STANDARD = gnu11;
				GCC_DYNAMIC_NO_PIC = NO;
				GCC_NO_COMMON_BLOCKS = YES;
				GCC_OPTIMIZATION_LEVEL = 0;
				GCC_PREPROCESSOR_DEFINITIONS = (
					"DEBUG=1",
					"$(inherited)",
				);
				GCC_WARN_64_TO_32_BIT_CONVERSION = YES;
				GCC_WARN_ABOUT_RETURN_TYPE = YES_ERROR;
				GCC_WARN_UNDECLARED_SELECTOR = YES;
				GCC_WARN_UNINITIALIZED_AUTOS = YES_AGGRESSIVE;
				GCC_WARN_UNUSED_FUNCTION = YES;
				GCC_WARN_UNUSED_VARIABLE = YES;
				IPHONEOS_DEPLOYMENT_TARGET = 11.4;
				MTL_ENABLE_DEBUG_INFO = YES;
				ONLY_ACTIVE_ARCH = YES;
				SDKROOT = iphoneos;
				SWIFT_ACTIVE_COMPILATION_CONDITIONS = DEBUG;
				SWIFT_OPTIMIZATION_LEVEL = "-Onone";
			};
			name = Debug;
		};
		08787A9F2134DC3200569477 /* Release */ = {
			isa = XCBuildConfiguration;
			buildSettings = {
				ALWAYS_SEARCH_USER_PATHS = NO;
				CLANG_ANALYZER_NONNULL = YES;
				CLANG_ANALYZER_NUMBER_OBJECT_CONVERSION = YES_AGGRESSIVE;
				CLANG_CXX_LANGUAGE_STANDARD = "gnu++14";
				CLANG_CXX_LIBRARY = "libc++";
				CLANG_ENABLE_MODULES = YES;
				CLANG_ENABLE_OBJC_ARC = YES;
				CLANG_ENABLE_OBJC_WEAK = YES;
				CLANG_WARN_BLOCK_CAPTURE_AUTORELEASING = YES;
				CLANG_WARN_BOOL_CONVERSION = YES;
				CLANG_WARN_COMMA = YES;
				CLANG_WARN_CONSTANT_CONVERSION = YES;
				CLANG_WARN_DEPRECATED_OBJC_IMPLEMENTATIONS = YES;
				CLANG_WARN_DIRECT_OBJC_ISA_USAGE = YES_ERROR;
				CLANG_WARN_DOCUMENTATION_COMMENTS = YES;
				CLANG_WARN_EMPTY_BODY = YES;
				CLANG_WARN_ENUM_CONVERSION = YES;
				CLANG_WARN_INFINITE_RECURSION = YES;
				CLANG_WARN_INT_CONVERSION = YES;
				CLANG_WARN_NON_LITERAL_NULL_CONVERSION = YES;
				CLANG_WARN_OBJC_IMPLICIT_RETAIN_SELF = YES;
				CLANG_WARN_OBJC_LITERAL_CONVERSION = YES;
				CLANG_WARN_OBJC_ROOT_CLASS = YES_ERROR;
				CLANG_WARN_RANGE_LOOP_ANALYSIS = YES;
				CLANG_WARN_STRICT_PROTOTYPES = YES;
				CLANG_WARN_SUSPICIOUS_MOVE = YES;
				CLANG_WARN_UNGUARDED_AVAILABILITY = YES_AGGRESSIVE;
				CLANG_WARN_UNREACHABLE_CODE = YES;
				CLANG_WARN__DUPLICATE_METHOD_MATCH = YES;
				CODE_SIGN_IDENTITY = "iPhone Developer";
				COPY_PHASE_STRIP = NO;
				DEBUG_INFORMATION_FORMAT = "dwarf-with-dsym";
				ENABLE_NS_ASSERTIONS = NO;
				ENABLE_STRICT_OBJC_MSGSEND = YES;
				GCC_C_LANGUAGE_STANDARD = gnu11;
				GCC_NO_COMMON_BLOCKS = YES;
				GCC_WARN_64_TO_32_BIT_CONVERSION = YES;
				GCC_WARN_ABOUT_RETURN_TYPE = YES_ERROR;
				GCC_WARN_UNDECLARED_SELECTOR = YES;
				GCC_WARN_UNINITIALIZED_AUTOS = YES_AGGRESSIVE;
				GCC_WARN_UNUSED_FUNCTION = YES;
				GCC_WARN_UNUSED_VARIABLE = YES;
				IPHONEOS_DEPLOYMENT_TARGET = 11.4;
				MTL_ENABLE_DEBUG_INFO = NO;
				SDKROOT = iphoneos;
				SWIFT_COMPILATION_MODE = wholemodule;
				SWIFT_OPTIMIZATION_LEVEL = "-O";
				VALIDATE_PRODUCT = YES;
			};
			name = Release;
		};
		08787AA12134DC3200569477 /* Debug */ = {
			isa = XCBuildConfiguration;
			baseConfigurationReference = 77172BC32C620FEE220EE457 /* Pods-MyEditor.debug.xcconfig */;
			buildSettings = {
				ASSETCATALOG_COMPILER_APPICON_NAME = AppIcon;
				CODE_SIGN_STYLE = Automatic;
				DEVELOPMENT_TEAM = VG5JZ5RSZ7;
				INFOPLIST_FILE = MyEditor/Info.plist;
				IPHONEOS_DEPLOYMENT_TARGET = 10.0;
				LD_RUNPATH_SEARCH_PATHS = (
					"$(inherited)",
					"@executable_path/Frameworks",
				);
				PRODUCT_BUNDLE_IDENTIFIER = c.MyEditor;
				PRODUCT_NAME = "$(TARGET_NAME)";
				SWIFT_VERSION = 4.0;
				TARGETED_DEVICE_FAMILY = "1,2";
			};
			name = Debug;
		};
		08787AA22134DC3200569477 /* Release */ = {
			isa = XCBuildConfiguration;
			baseConfigurationReference = E625F21083A8C8D24E625011 /* Pods-MyEditor.release.xcconfig */;
			buildSettings = {
				ASSETCATALOG_COMPILER_APPICON_NAME = AppIcon;
				CODE_SIGN_STYLE = Automatic;
				DEVELOPMENT_TEAM = VG5JZ5RSZ7;
				INFOPLIST_FILE = MyEditor/Info.plist;
				IPHONEOS_DEPLOYMENT_TARGET = 10.0;
				LD_RUNPATH_SEARCH_PATHS = (
					"$(inherited)",
					"@executable_path/Frameworks",
				);
				PRODUCT_BUNDLE_IDENTIFIER = c.MyEditor;
				PRODUCT_NAME = "$(TARGET_NAME)";
				SWIFT_VERSION = 4.0;
				TARGETED_DEVICE_FAMILY = "1,2";
			};
			name = Release;
		};
/* End XCBuildConfiguration section */

/* Begin XCConfigurationList section */
		08787A892134DC3100569477 /* Build configuration list for PBXProject "MyEditor" */ = {
			isa = XCConfigurationList;
			buildConfigurations = (
				08787A9E2134DC3200569477 /* Debug */,
				08787A9F2134DC3200569477 /* Release */,
			);
			defaultConfigurationIsVisible = 0;
			defaultConfigurationName = Release;
		};
		08787AA02134DC3200569477 /* Build configuration list for PBXNativeTarget "MyEditor" */ = {
			isa = XCConfigurationList;
			buildConfigurations = (
				08787AA12134DC3200569477 /* Debug */,
				08787AA22134DC3200569477 /* Release */,
			);
			defaultConfigurationIsVisible = 0;
			defaultConfigurationName = Release;
		};
/* End XCConfigurationList section */
	};
	rootObject = 08787A862134DC3100569477 /* Project object */;
}
