// !$*UTF8*$!
{
	archiveVersion = 1;
	classes = {
	};
	objectVersion = 50;
	objects = {

/* Begin PBXBuildFile section */
		08787A922134DC3100569477 /* AppDelegate.swift in Sources */ = {isa = PBXBuildFile; fileRef = 08787A912134DC3100569477 /* AppDelegate.swift */; };
		08787A972134DC3100569477 /* Main.storyboard in Resources */ = {isa = PBXBuildFile; fileRef = 08787A952134DC3100569477 /* Main.storyboard */; };
		08787A992134DC3200569477 /* Assets.xcassets in Resources */ = {isa = PBXBuildFile; fileRef = 08787A982134DC3200569477 /* Assets.xcassets */; };
		08787A9C2134DC3200569477 /* LaunchScreen.storyboard in Resources */ = {isa = PBXBuildFile; fileRef = 08787A9A2134DC3200569477 /* LaunchScreen.storyboard */; };
		08787AAA2134F13500569477 /* BindableType.swift in Sources */ = {isa = PBXBuildFile; fileRef = 08787AA42134F13500569477 /* BindableType.swift */; };
		08787AAB2134F13500569477 /* ErrorTracker.swift in Sources */ = {isa = PBXBuildFile; fileRef = 08787AA52134F13500569477 /* ErrorTracker.swift */; };
		08787AAC2134F13500569477 /* ActivityIndicator.swift in Sources */ = {isa = PBXBuildFile; fileRef = 08787AA62134F13500569477 /* ActivityIndicator.swift */; };
		08787AAD2134F13500569477 /* UIViewController+.swift in Sources */ = {isa = PBXBuildFile; fileRef = 08787AA72134F13500569477 /* UIViewController+.swift */; };
		08787AAE2134F13500569477 /* UIViewController+Rx.swift in Sources */ = {isa = PBXBuildFile; fileRef = 08787AA82134F13500569477 /* UIViewController+Rx.swift */; };
		08787AAF2134F13500569477 /* Observable+.swift in Sources */ = {isa = PBXBuildFile; fileRef = 08787AA92134F13500569477 /* Observable+.swift */; };
		08787ABB2134F24000569477 /* RefreshAutoHeader.swift in Sources */ = {isa = PBXBuildFile; fileRef = 08787AB22134F24000569477 /* RefreshAutoHeader.swift */; };
		08787ABC2134F24000569477 /* ViewModelType+Loadmore.swift in Sources */ = {isa = PBXBuildFile; fileRef = 08787AB32134F24000569477 /* ViewModelType+Loadmore.swift */; };
		08787ABD2134F24000569477 /* LoadMoreTableView.swift in Sources */ = {isa = PBXBuildFile; fileRef = 08787AB42134F24000569477 /* LoadMoreTableView.swift */; };
		08787ABE2134F24000569477 /* RefreshTableView.swift in Sources */ = {isa = PBXBuildFile; fileRef = 08787AB52134F24000569477 /* RefreshTableView.swift */; };
		08787ABF2134F24000569477 /* RefreshAutoFooter.swift in Sources */ = {isa = PBXBuildFile; fileRef = 08787AB62134F24000569477 /* RefreshAutoFooter.swift */; };
		08787AC02134F24000569477 /* PagingInfo.swift in Sources */ = {isa = PBXBuildFile; fileRef = 08787AB82134F24000569477 /* PagingInfo.swift */; };
		08787AC12134F24000569477 /* ViewModelType.swift in Sources */ = {isa = PBXBuildFile; fileRef = 08787AB92134F24000569477 /* ViewModelType.swift */; };
		08787AC22134F24000569477 /* HasID.swift in Sources */ = {isa = PBXBuildFile; fileRef = 08787ABA2134F24000569477 /* HasID.swift */; };
		08787AC5213527A800569477 /* Collection.swift in Sources */ = {isa = PBXBuildFile; fileRef = 08787AC4213527A800569477 /* Collection.swift */; };
		08787AC72135286200569477 /* Photo.swift in Sources */ = {isa = PBXBuildFile; fileRef = 08787AC62135286200569477 /* Photo.swift */; };
		08787AC9213528FF00569477 /* URLPhoto.swift in Sources */ = {isa = PBXBuildFile; fileRef = 08787AC8213528FF00569477 /* URLPhoto.swift */; };
		08787ACE21352BF000569477 /* ErrorResponse.swift in Sources */ = {isa = PBXBuildFile; fileRef = 08787ACC21352BF000569477 /* ErrorResponse.swift */; };
		08787ACF21352BF000569477 /* BaseError.swift in Sources */ = {isa = PBXBuildFile; fileRef = 08787ACD21352BF000569477 /* BaseError.swift */; };
		08787AE521352C3400569477 /* BaseRequest.swift in Sources */ = {isa = PBXBuildFile; fileRef = 08787AD121352C3400569477 /* BaseRequest.swift */; };
		08787AF721352C3400569477 /* HTTPStatusCode.swift in Sources */ = {isa = PBXBuildFile; fileRef = 08787AE421352C3400569477 /* HTTPStatusCode.swift */; };
		08787AF921352D0A00569477 /* PhotoRequest.swift in Sources */ = {isa = PBXBuildFile; fileRef = 08787AF821352D0A00569477 /* PhotoRequest.swift */; };
		08787B002135301D00569477 /* PhotoResponse.swift in Sources */ = {isa = PBXBuildFile; fileRef = 08787AFF2135301D00569477 /* PhotoResponse.swift */; };
		08787B03213530B700569477 /* APIService.swift in Sources */ = {isa = PBXBuildFile; fileRef = 08787B02213530B700569477 /* APIService.swift */; };
		08787B0C213537E700569477 /* APIKey.swift in Sources */ = {isa = PBXBuildFile; fileRef = 08787B0A213537E700569477 /* APIKey.swift */; };
		08787B0D213537E700569477 /* URLs.swift in Sources */ = {isa = PBXBuildFile; fileRef = 08787B0B213537E700569477 /* URLs.swift */; };
		08F6EE8121363C5200F895B6 /* SearchRequest.swift in Sources */ = {isa = PBXBuildFile; fileRef = 08F6EE8021363C5200F895B6 /* SearchRequest.swift */; };
		08F6EE8321363CA900F895B6 /* SearchResponse.swift in Sources */ = {isa = PBXBuildFile; fileRef = 08F6EE8221363CA900F895B6 /* SearchResponse.swift */; };
		08F6EE8521363CF000F895B6 /* CollectionResquest.swift in Sources */ = {isa = PBXBuildFile; fileRef = 08F6EE8421363CF000F895B6 /* CollectionResquest.swift */; };
		08F6EE8721363DBC00F895B6 /* CollectionResponse.swift in Sources */ = {isa = PBXBuildFile; fileRef = 08F6EE8621363DBC00F895B6 /* CollectionResponse.swift */; };
		1B27E66C213530920014AC4A /* Utils.swift in Sources */ = {isa = PBXBuildFile; fileRef = 1B27E66B213530920014AC4A /* Utils.swift */; };
		CAD519AA52EBCA719AF780D4 /* Pods_MyEditor.framework in Frameworks */ = {isa = PBXBuildFile; fileRef = 7B314E99F19649130D233435 /* Pods_MyEditor.framework */; };
/* End PBXBuildFile section */

/* Begin PBXFileReference section */
		08787A8E2134DC3100569477 /* MyEditor.app */ = {isa = PBXFileReference; explicitFileType = wrapper.application; includeInIndex = 0; path = MyEditor.app; sourceTree = BUILT_PRODUCTS_DIR; };
		08787A912134DC3100569477 /* AppDelegate.swift */ = {isa = PBXFileReference; lastKnownFileType = sourcecode.swift; path = AppDelegate.swift; sourceTree = "<group>"; };
		08787A962134DC3100569477 /* Base */ = {isa = PBXFileReference; lastKnownFileType = file.storyboard; name = Base; path = Base.lproj/Main.storyboard; sourceTree = "<group>"; };
		08787A982134DC3200569477 /* Assets.xcassets */ = {isa = PBXFileReference; lastKnownFileType = folder.assetcatalog; path = Assets.xcassets; sourceTree = "<group>"; };
		08787A9B2134DC3200569477 /* Base */ = {isa = PBXFileReference; lastKnownFileType = file.storyboard; name = Base; path = Base.lproj/LaunchScreen.storyboard; sourceTree = "<group>"; };
		08787A9D2134DC3200569477 /* Info.plist */ = {isa = PBXFileReference; lastKnownFileType = text.plist.xml; path = Info.plist; sourceTree = "<group>"; };
		08787AA42134F13500569477 /* BindableType.swift */ = {isa = PBXFileReference; fileEncoding = 4; lastKnownFileType = sourcecode.swift; path = BindableType.swift; sourceTree = "<group>"; };
		08787AA52134F13500569477 /* ErrorTracker.swift */ = {isa = PBXFileReference; fileEncoding = 4; lastKnownFileType = sourcecode.swift; path = ErrorTracker.swift; sourceTree = "<group>"; };
		08787AA62134F13500569477 /* ActivityIndicator.swift */ = {isa = PBXFileReference; fileEncoding = 4; lastKnownFileType = sourcecode.swift; path = ActivityIndicator.swift; sourceTree = "<group>"; };
		08787AA72134F13500569477 /* UIViewController+.swift */ = {isa = PBXFileReference; fileEncoding = 4; lastKnownFileType = sourcecode.swift; path = "UIViewController+.swift"; sourceTree = "<group>"; };
		08787AA82134F13500569477 /* UIViewController+Rx.swift */ = {isa = PBXFileReference; fileEncoding = 4; lastKnownFileType = sourcecode.swift; path = "UIViewController+Rx.swift"; sourceTree = "<group>"; };
		08787AA92134F13500569477 /* Observable+.swift */ = {isa = PBXFileReference; fileEncoding = 4; lastKnownFileType = sourcecode.swift; path = "Observable+.swift"; sourceTree = "<group>"; };
		08787AB22134F24000569477 /* RefreshAutoHeader.swift */ = {isa = PBXFileReference; fileEncoding = 4; lastKnownFileType = sourcecode.swift; path = RefreshAutoHeader.swift; sourceTree = "<group>"; };
		08787AB32134F24000569477 /* ViewModelType+Loadmore.swift */ = {isa = PBXFileReference; fileEncoding = 4; lastKnownFileType = sourcecode.swift; path = "ViewModelType+Loadmore.swift"; sourceTree = "<group>"; };
		08787AB42134F24000569477 /* LoadMoreTableView.swift */ = {isa = PBXFileReference; fileEncoding = 4; lastKnownFileType = sourcecode.swift; path = LoadMoreTableView.swift; sourceTree = "<group>"; };
		08787AB52134F24000569477 /* RefreshTableView.swift */ = {isa = PBXFileReference; fileEncoding = 4; lastKnownFileType = sourcecode.swift; path = RefreshTableView.swift; sourceTree = "<group>"; };
		08787AB62134F24000569477 /* RefreshAutoFooter.swift */ = {isa = PBXFileReference; fileEncoding = 4; lastKnownFileType = sourcecode.swift; path = RefreshAutoFooter.swift; sourceTree = "<group>"; };
		08787AB82134F24000569477 /* PagingInfo.swift */ = {isa = PBXFileReference; fileEncoding = 4; lastKnownFileType = sourcecode.swift; path = PagingInfo.swift; sourceTree = "<group>"; };
		08787AB92134F24000569477 /* ViewModelType.swift */ = {isa = PBXFileReference; fileEncoding = 4; lastKnownFileType = sourcecode.swift; path = ViewModelType.swift; sourceTree = "<group>"; };
		08787ABA2134F24000569477 /* HasID.swift */ = {isa = PBXFileReference; fileEncoding = 4; lastKnownFileType = sourcecode.swift; path = HasID.swift; sourceTree = "<group>"; };
		08787AC4213527A800569477 /* Collection.swift */ = {isa = PBXFileReference; lastKnownFileType = sourcecode.swift; path = Collection.swift; sourceTree = "<group>"; };
		08787AC62135286200569477 /* Photo.swift */ = {isa = PBXFileReference; lastKnownFileType = sourcecode.swift; path = Photo.swift; sourceTree = "<group>"; };
		08787AC8213528FF00569477 /* URLPhoto.swift */ = {isa = PBXFileReference; lastKnownFileType = sourcecode.swift; path = URLPhoto.swift; sourceTree = "<group>"; };
		08787ACC21352BF000569477 /* ErrorResponse.swift */ = {isa = PBXFileReference; fileEncoding = 4; lastKnownFileType = sourcecode.swift; path = ErrorResponse.swift; sourceTree = "<group>"; };
		08787ACD21352BF000569477 /* BaseError.swift */ = {isa = PBXFileReference; fileEncoding = 4; lastKnownFileType = sourcecode.swift; path = BaseError.swift; sourceTree = "<group>"; };
		08787AD121352C3400569477 /* BaseRequest.swift */ = {isa = PBXFileReference; fileEncoding = 4; lastKnownFileType = sourcecode.swift; path = BaseRequest.swift; sourceTree = "<group>"; };
		08787AE421352C3400569477 /* HTTPStatusCode.swift */ = {isa = PBXFileReference; fileEncoding = 4; lastKnownFileType = sourcecode.swift; path = HTTPStatusCode.swift; sourceTree = "<group>"; };
		08787AF821352D0A00569477 /* PhotoRequest.swift */ = {isa = PBXFileReference; lastKnownFileType = sourcecode.swift; path = PhotoRequest.swift; sourceTree = "<group>"; };
		08787AFF2135301D00569477 /* PhotoResponse.swift */ = {isa = PBXFileReference; lastKnownFileType = sourcecode.swift; path = PhotoResponse.swift; sourceTree = "<group>"; };
		08787B02213530B700569477 /* APIService.swift */ = {isa = PBXFileReference; fileEncoding = 4; lastKnownFileType = sourcecode.swift; path = APIService.swift; sourceTree = "<group>"; };
		08787B0A213537E700569477 /* APIKey.swift */ = {isa = PBXFileReference; fileEncoding = 4; lastKnownFileType = sourcecode.swift; path = APIKey.swift; sourceTree = "<group>"; };
		08787B0B213537E700569477 /* URLs.swift */ = {isa = PBXFileReference; fileEncoding = 4; lastKnownFileType = sourcecode.swift; path = URLs.swift; sourceTree = "<group>"; };
		08F6EE8021363C5200F895B6 /* SearchRequest.swift */ = {isa = PBXFileReference; lastKnownFileType = sourcecode.swift; path = SearchRequest.swift; sourceTree = "<group>"; };
		08F6EE8221363CA900F895B6 /* SearchResponse.swift */ = {isa = PBXFileReference; lastKnownFileType = sourcecode.swift; path = SearchResponse.swift; sourceTree = "<group>"; };
		08F6EE8421363CF000F895B6 /* CollectionResquest.swift */ = {isa = PBXFileReference; lastKnownFileType = sourcecode.swift; path = CollectionResquest.swift; sourceTree = "<group>"; };
		08F6EE8621363DBC00F895B6 /* CollectionResponse.swift */ = {isa = PBXFileReference; lastKnownFileType = sourcecode.swift; path = CollectionResponse.swift; sourceTree = "<group>"; };
		1B27E66B213530920014AC4A /* Utils.swift */ = {isa = PBXFileReference; lastKnownFileType = sourcecode.swift; path = Utils.swift; sourceTree = "<group>"; };
		77172BC32C620FEE220EE457 /* Pods-MyEditor.debug.xcconfig */ = {isa = PBXFileReference; includeInIndex = 1; lastKnownFileType = text.xcconfig; name = "Pods-MyEditor.debug.xcconfig"; path = "Pods/Target Support Files/Pods-MyEditor/Pods-MyEditor.debug.xcconfig"; sourceTree = "<group>"; };
		7B314E99F19649130D233435 /* Pods_MyEditor.framework */ = {isa = PBXFileReference; explicitFileType = wrapper.framework; includeInIndex = 0; path = Pods_MyEditor.framework; sourceTree = BUILT_PRODUCTS_DIR; };
		E625F21083A8C8D24E625011 /* Pods-MyEditor.release.xcconfig */ = {isa = PBXFileReference; includeInIndex = 1; lastKnownFileType = text.xcconfig; name = "Pods-MyEditor.release.xcconfig"; path = "Pods/Target Support Files/Pods-MyEditor/Pods-MyEditor.release.xcconfig"; sourceTree = "<group>"; };
/* End PBXFileReference section */

/* Begin PBXFrameworksBuildPhase section */
		08787A8B2134DC3100569477 /* Frameworks */ = {
			isa = PBXFrameworksBuildPhase;
			buildActionMask = 2147483647;
			files = (
				CAD519AA52EBCA719AF780D4 /* Pods_MyEditor.framework in Frameworks */,
			);
			runOnlyForDeploymentPostprocessing = 0;
		};
/* End PBXFrameworksBuildPhase section */

/* Begin PBXGroup section */
		08787A852134DC3100569477 = {
			isa = PBXGroup;
			children = (
				08787A902134DC3100569477 /* MyEditor */,
				08787A8F2134DC3100569477 /* Products */,
				16A56339173FBB57F3E95CDA /* Pods */,
				095BA90798104CE93D2C45D5 /* Frameworks */,
			);
			sourceTree = "<group>";
		};
		08787A8F2134DC3100569477 /* Products */ = {
			isa = PBXGroup;
			children = (
				08787A8E2134DC3100569477 /* MyEditor.app */,
			);
			name = Products;
			sourceTree = "<group>";
		};
		08787A902134DC3100569477 /* MyEditor */ = {
			isa = PBXGroup;
			children = (
				1B27E66A213530850014AC4A /* Support */,
				08787ACA21352B6D00569477 /* API */,
				08787AC32135278100569477 /* Model */,
				08787AA32134F13500569477 /* Extension */,
				08787AB02134F24000569477 /* Architecture */,
				08787A912134DC3100569477 /* AppDelegate.swift */,
				08787A952134DC3100569477 /* Main.storyboard */,
				08787A982134DC3200569477 /* Assets.xcassets */,
				08787A9A2134DC3200569477 /* LaunchScreen.storyboard */,
				08787A9D2134DC3200569477 /* Info.plist */,
			);
			path = MyEditor;
			sourceTree = "<group>";
		};
		08787AA32134F13500569477 /* Extension */ = {
			isa = PBXGroup;
			children = (
				08787AA42134F13500569477 /* BindableType.swift */,
				08787AA52134F13500569477 /* ErrorTracker.swift */,
				08787AA62134F13500569477 /* ActivityIndicator.swift */,
				08787AA72134F13500569477 /* UIViewController+.swift */,
				08787AA82134F13500569477 /* UIViewController+Rx.swift */,
				08787AA92134F13500569477 /* Observable+.swift */,
			);
			path = Extension;
			sourceTree = "<group>";
		};
		08787AB02134F24000569477 /* Architecture */ = {
			isa = PBXGroup;
			children = (
				08787AB12134F24000569477 /* LoadMore */,
				08787AB72134F24000569477 /* Model */,
			);
			path = Architecture;
			sourceTree = "<group>";
		};
		08787AB12134F24000569477 /* LoadMore */ = {
			isa = PBXGroup;
			children = (
				08787AB22134F24000569477 /* RefreshAutoHeader.swift */,
				08787AB32134F24000569477 /* ViewModelType+Loadmore.swift */,
				08787AB42134F24000569477 /* LoadMoreTableView.swift */,
				08787AB52134F24000569477 /* RefreshTableView.swift */,
				08787AB62134F24000569477 /* RefreshAutoFooter.swift */,
			);
			path = LoadMore;
			sourceTree = "<group>";
		};
		08787AB72134F24000569477 /* Model */ = {
			isa = PBXGroup;
			children = (
				08787AB82134F24000569477 /* PagingInfo.swift */,
				08787AB92134F24000569477 /* ViewModelType.swift */,
				08787ABA2134F24000569477 /* HasID.swift */,
			);
			path = Model;
			sourceTree = "<group>";
		};
		08787AC32135278100569477 /* Model */ = {
			isa = PBXGroup;
			children = (
				08787AC4213527A800569477 /* Collection.swift */,
				08787AC62135286200569477 /* Photo.swift */,
				08787AC8213528FF00569477 /* URLPhoto.swift */,
			);
			path = Model;
			sourceTree = "<group>";
		};
		08787ACA21352B6D00569477 /* API */ = {
			isa = PBXGroup;
			children = (
				08787B0B213537E700569477 /* URLs.swift */,
				08787B09213537E700569477 /* Private */,
				08787B012135309100569477 /* Service */,
				08787AD021352C3400569477 /* Request */,
				08787ADC21352C3400569477 /* Response */,
				08787ACB21352BF000569477 /* Error */,
			);
			path = API;
			sourceTree = "<group>";
		};
		08787ACB21352BF000569477 /* Error */ = {
			isa = PBXGroup;
			children = (
				08787ACC21352BF000569477 /* ErrorResponse.swift */,
				08787ACD21352BF000569477 /* BaseError.swift */,
			);
			path = Error;
			sourceTree = "<group>";
		};
		08787AD021352C3400569477 /* Request */ = {
			isa = PBXGroup;
			children = (
				08787AD121352C3400569477 /* BaseRequest.swift */,
				08787AF821352D0A00569477 /* PhotoRequest.swift */,
				08F6EE8421363CF000F895B6 /* CollectionResquest.swift */,
				08F6EE8021363C5200F895B6 /* SearchRequest.swift */,
			);
			path = Request;
			sourceTree = "<group>";
		};
		08787ADC21352C3400569477 /* Response */ = {
			isa = PBXGroup;
			children = (
				08787AE421352C3400569477 /* HTTPStatusCode.swift */,
				08787AFF2135301D00569477 /* PhotoResponse.swift */,
				08F6EE8621363DBC00F895B6 /* CollectionResponse.swift */,
				08F6EE8221363CA900F895B6 /* SearchResponse.swift */,
			);
			path = Response;
			sourceTree = "<group>";
		};
		08787B012135309100569477 /* Service */ = {
			isa = PBXGroup;
			children = (
				08787B02213530B700569477 /* APIService.swift */,
			);
			path = Service;
			sourceTree = "<group>";
		};
		08787B09213537E700569477 /* Private */ = {
			isa = PBXGroup;
			children = (
				08787B0A213537E700569477 /* APIKey.swift */,
			);
			path = Private;
			sourceTree = "<group>";
		};
		095BA90798104CE93D2C45D5 /* Frameworks */ = {
			isa = PBXGroup;
			children = (
				7B314E99F19649130D233435 /* Pods_MyEditor.framework */,
			);
			name = Frameworks;
			sourceTree = "<group>";
		};
		16A56339173FBB57F3E95CDA /* Pods */ = {
			isa = PBXGroup;
			children = (
				77172BC32C620FEE220EE457 /* Pods-MyEditor.debug.xcconfig */,
				E625F21083A8C8D24E625011 /* Pods-MyEditor.release.xcconfig */,
			);
			name = Pods;
			sourceTree = "<group>";
		};
		1B27E66A213530850014AC4A /* Support */ = {
			isa = PBXGroup;
			children = (
				1B27E66B213530920014AC4A /* Utils.swift */,
			);
			path = Support;
			sourceTree = "<group>";
		};
/* End PBXGroup section */

/* Begin PBXNativeTarget section */
		08787A8D2134DC3100569477 /* MyEditor */ = {
			isa = PBXNativeTarget;
			buildConfigurationList = 08787AA02134DC3200569477 /* Build configuration list for PBXNativeTarget "MyEditor" */;
			buildPhases = (
				167ED1DDE8BA959CEB0F377A /* [CP] Check Pods Manifest.lock */,
				08787A8A2134DC3100569477 /* Sources */,
				08787A8B2134DC3100569477 /* Frameworks */,
				08787A8C2134DC3100569477 /* Resources */,
				FAB3242C85B15F300248263A /* [CP] Embed Pods Frameworks */,
			);
			buildRules = (
			);
			dependencies = (
			);
			name = MyEditor;
			productName = MyEditor;
			productReference = 08787A8E2134DC3100569477 /* MyEditor.app */;
			productType = "com.apple.product-type.application";
		};
/* End PBXNativeTarget section */

/* Begin PBXProject section */
		08787A862134DC3100569477 /* Project object */ = {
			isa = PBXProject;
			attributes = {
				LastSwiftUpdateCheck = 0940;
				LastUpgradeCheck = 0940;
				ORGANIZATIONNAME = "Do Hung";
				TargetAttributes = {
					08787A8D2134DC3100569477 = {
						CreatedOnToolsVersion = 9.4.1;
					};
				};
			};
			buildConfigurationList = 08787A892134DC3100569477 /* Build configuration list for PBXProject "MyEditor" */;
			compatibilityVersion = "Xcode 9.3";
			developmentRegion = en;
			hasScannedForEncodings = 0;
			knownRegions = (
				en,
				Base,
			);
			mainGroup = 08787A852134DC3100569477;
			productRefGroup = 08787A8F2134DC3100569477 /* Products */;
			projectDirPath = "";
			projectRoot = "";
			targets = (
				08787A8D2134DC3100569477 /* MyEditor */,
			);
		};
/* End PBXProject section */

/* Begin PBXResourcesBuildPhase section */
		08787A8C2134DC3100569477 /* Resources */ = {
			isa = PBXResourcesBuildPhase;
			buildActionMask = 2147483647;
			files = (
				08787A9C2134DC3200569477 /* LaunchScreen.storyboard in Resources */,
				08787A992134DC3200569477 /* Assets.xcassets in Resources */,
				08787A972134DC3100569477 /* Main.storyboard in Resources */,
			);
			runOnlyForDeploymentPostprocessing = 0;
		};
/* End PBXResourcesBuildPhase section */

/* Begin PBXShellScriptBuildPhase section */
		167ED1DDE8BA959CEB0F377A /* [CP] Check Pods Manifest.lock */ = {
			isa = PBXShellScriptBuildPhase;
			buildActionMask = 2147483647;
			files = (
			);
			inputPaths = (
				"${PODS_PODFILE_DIR_PATH}/Podfile.lock",
				"${PODS_ROOT}/Manifest.lock",
			);
			name = "[CP] Check Pods Manifest.lock";
			outputPaths = (
				"$(DERIVED_FILE_DIR)/Pods-MyEditor-checkManifestLockResult.txt",
			);
			runOnlyForDeploymentPostprocessing = 0;
			shellPath = /bin/sh;
			shellScript = "diff \"${PODS_PODFILE_DIR_PATH}/Podfile.lock\" \"${PODS_ROOT}/Manifest.lock\" > /dev/null\nif [ $? != 0 ] ; then\n    # print error to STDERR\n    echo \"error: The sandbox is not in sync with the Podfile.lock. Run 'pod install' or update your CocoaPods installation.\" >&2\n    exit 1\nfi\n# This output is used by Xcode 'outputs' to avoid re-running this script phase.\necho \"SUCCESS\" > \"${SCRIPT_OUTPUT_FILE_0}\"\n";
			showEnvVarsInLog = 0;
		};
		FAB3242C85B15F300248263A /* [CP] Embed Pods Frameworks */ = {
			isa = PBXShellScriptBuildPhase;
			buildActionMask = 2147483647;
			files = (
			);
			inputPaths = (
				"${SRCROOT}/Pods/Target Support Files/Pods-MyEditor/Pods-MyEditor-frameworks.sh",
				"${BUILT_PRODUCTS_DIR}/Alamofire/Alamofire.framework",
				"${BUILT_PRODUCTS_DIR}/MBProgressHUD/MBProgressHUD.framework",
				"${BUILT_PRODUCTS_DIR}/MJRefresh/MJRefresh.framework",
				"${BUILT_PRODUCTS_DIR}/MKProgress/MKProgress.framework",
				"${BUILT_PRODUCTS_DIR}/NSObject+Rx/NSObject_Rx.framework",
				"${BUILT_PRODUCTS_DIR}/ObjectMapper/ObjectMapper.framework",
				"${BUILT_PRODUCTS_DIR}/OrderedSet/OrderedSet.framework",
				"${BUILT_PRODUCTS_DIR}/Reusable/Reusable.framework",
				"${BUILT_PRODUCTS_DIR}/RxCocoa/RxCocoa.framework",
				"${BUILT_PRODUCTS_DIR}/RxSwift/RxSwift.framework",
				"${BUILT_PRODUCTS_DIR}/SnapKit/SnapKit.framework",
				"${BUILT_PRODUCTS_DIR}/Then/Then.framework",
				"${BUILT_PRODUCTS_DIR}/paper-onboarding/paper_onboarding.framework",
			);
			name = "[CP] Embed Pods Frameworks";
			outputPaths = (
				"${TARGET_BUILD_DIR}/${FRAMEWORKS_FOLDER_PATH}/Alamofire.framework",
				"${TARGET_BUILD_DIR}/${FRAMEWORKS_FOLDER_PATH}/MBProgressHUD.framework",
				"${TARGET_BUILD_DIR}/${FRAMEWORKS_FOLDER_PATH}/MJRefresh.framework",
				"${TARGET_BUILD_DIR}/${FRAMEWORKS_FOLDER_PATH}/MKProgress.framework",
				"${TARGET_BUILD_DIR}/${FRAMEWORKS_FOLDER_PATH}/NSObject_Rx.framework",
				"${TARGET_BUILD_DIR}/${FRAMEWORKS_FOLDER_PATH}/ObjectMapper.framework",
				"${TARGET_BUILD_DIR}/${FRAMEWORKS_FOLDER_PATH}/OrderedSet.framework",
				"${TARGET_BUILD_DIR}/${FRAMEWORKS_FOLDER_PATH}/Reusable.framework",
				"${TARGET_BUILD_DIR}/${FRAMEWORKS_FOLDER_PATH}/RxCocoa.framework",
				"${TARGET_BUILD_DIR}/${FRAMEWORKS_FOLDER_PATH}/RxSwift.framework",
				"${TARGET_BUILD_DIR}/${FRAMEWORKS_FOLDER_PATH}/SnapKit.framework",
				"${TARGET_BUILD_DIR}/${FRAMEWORKS_FOLDER_PATH}/Then.framework",
				"${TARGET_BUILD_DIR}/${FRAMEWORKS_FOLDER_PATH}/paper_onboarding.framework",
			);
			runOnlyForDeploymentPostprocessing = 0;
			shellPath = /bin/sh;
			shellScript = "\"${SRCROOT}/Pods/Target Support Files/Pods-MyEditor/Pods-MyEditor-frameworks.sh\"\n";
			showEnvVarsInLog = 0;
		};
/* End PBXShellScriptBuildPhase section */

/* Begin PBXSourcesBuildPhase section */
		08787A8A2134DC3100569477 /* Sources */ = {
			isa = PBXSourcesBuildPhase;
			buildActionMask = 2147483647;
			files = (
				08787ABF2134F24000569477 /* RefreshAutoFooter.swift in Sources */,
				08787B0D213537E700569477 /* URLs.swift in Sources */,
				08787AC5213527A800569477 /* Collection.swift in Sources */,
				08787AAC2134F13500569477 /* ActivityIndicator.swift in Sources */,
				08787AC9213528FF00569477 /* URLPhoto.swift in Sources */,
				08787AAD2134F13500569477 /* UIViewController+.swift in Sources */,
				08787AE521352C3400569477 /* BaseRequest.swift in Sources */,
				08F6EE8121363C5200F895B6 /* SearchRequest.swift in Sources */,
				08787ABB2134F24000569477 /* RefreshAutoHeader.swift in Sources */,
				08787B002135301D00569477 /* PhotoResponse.swift in Sources */,
				08787AAA2134F13500569477 /* BindableType.swift in Sources */,
				08787AAF2134F13500569477 /* Observable+.swift in Sources */,
				08787AC02134F24000569477 /* PagingInfo.swift in Sources */,
				08787AC12134F24000569477 /* ViewModelType.swift in Sources */,
				08F6EE8721363DBC00F895B6 /* CollectionResponse.swift in Sources */,
				08F6EE8521363CF000F895B6 /* CollectionResquest.swift in Sources */,
				08787A922134DC3100569477 /* AppDelegate.swift in Sources */,
				08787ABC2134F24000569477 /* ViewModelType+Loadmore.swift in Sources */,
				1B27E66C213530920014AC4A /* Utils.swift in Sources */,
				08787ACF21352BF000569477 /* BaseError.swift in Sources */,
				08787AC72135286200569477 /* Photo.swift in Sources */,
				08787AF921352D0A00569477 /* PhotoRequest.swift in Sources */,
				08787AAB2134F13500569477 /* ErrorTracker.swift in Sources */,
				08787AF721352C3400569477 /* HTTPStatusCode.swift in Sources */,
				08787B03213530B700569477 /* APIService.swift in Sources */,
				08787ACE21352BF000569477 /* ErrorResponse.swift in Sources */,
				08787AAE2134F13500569477 /* UIViewController+Rx.swift in Sources */,
				08787ABD2134F24000569477 /* LoadMoreTableView.swift in Sources */,
				08F6EE8321363CA900F895B6 /* SearchResponse.swift in Sources */,
				08787ABE2134F24000569477 /* RefreshTableView.swift in Sources */,
				08787B0C213537E700569477 /* APIKey.swift in Sources */,
				08787AC22134F24000569477 /* HasID.swift in Sources */,
			);
			runOnlyForDeploymentPostprocessing = 0;
		};
/* End PBXSourcesBuildPhase section */

/* Begin PBXVariantGroup section */
		08787A952134DC3100569477 /* Main.storyboard */ = {
			isa = PBXVariantGroup;
			children = (
				08787A962134DC3100569477 /* Base */,
			);
			name = Main.storyboard;
			sourceTree = "<group>";
		};
		08787A9A2134DC3200569477 /* LaunchScreen.storyboard */ = {
			isa = PBXVariantGroup;
			children = (
				08787A9B2134DC3200569477 /* Base */,
			);
			name = LaunchScreen.storyboard;
			sourceTree = "<group>";
		};
/* End PBXVariantGroup section */

/* Begin XCBuildConfiguration section */
		08787A9E2134DC3200569477 /* Debug */ = {
			isa = XCBuildConfiguration;
			buildSettings = {
				ALWAYS_SEARCH_USER_PATHS = NO;
				CLANG_ANALYZER_NONNULL = YES;
				CLANG_ANALYZER_NUMBER_OBJECT_CONVERSION = YES_AGGRESSIVE;
				CLANG_CXX_LANGUAGE_STANDARD = "gnu++14";
				CLANG_CXX_LIBRARY = "libc++";
				CLANG_ENABLE_MODULES = YES;
				CLANG_ENABLE_OBJC_ARC = YES;
				CLANG_ENABLE_OBJC_WEAK = YES;
				CLANG_WARN_BLOCK_CAPTURE_AUTORELEASING = YES;
				CLANG_WARN_BOOL_CONVERSION = YES;
				CLANG_WARN_COMMA = YES;
				CLANG_WARN_CONSTANT_CONVERSION = YES;
				CLANG_WARN_DEPRECATED_OBJC_IMPLEMENTATIONS = YES;
				CLANG_WARN_DIRECT_OBJC_ISA_USAGE = YES_ERROR;
				CLANG_WARN_DOCUMENTATION_COMMENTS = YES;
				CLANG_WARN_EMPTY_BODY = YES;
				CLANG_WARN_ENUM_CONVERSION = YES;
				CLANG_WARN_INFINITE_RECURSION = YES;
				CLANG_WARN_INT_CONVERSION = YES;
				CLANG_WARN_NON_LITERAL_NULL_CONVERSION = YES;
				CLANG_WARN_OBJC_IMPLICIT_RETAIN_SELF = YES;
				CLANG_WARN_OBJC_LITERAL_CONVERSION = YES;
				CLANG_WARN_OBJC_ROOT_CLASS = YES_ERROR;
				CLANG_WARN_RANGE_LOOP_ANALYSIS = YES;
				CLANG_WARN_STRICT_PROTOTYPES = YES;
				CLANG_WARN_SUSPICIOUS_MOVE = YES;
				CLANG_WARN_UNGUARDED_AVAILABILITY = YES_AGGRESSIVE;
				CLANG_WARN_UNREACHABLE_CODE = YES;
				CLANG_WARN__DUPLICATE_METHOD_MATCH = YES;
				CODE_SIGN_IDENTITY = "iPhone Developer";
				COPY_PHASE_STRIP = NO;
				DEBUG_INFORMATION_FORMAT = dwarf;
				ENABLE_STRICT_OBJC_MSGSEND = YES;
				ENABLE_TESTABILITY = YES;
				GCC_C_LANGUAGE_STANDARD = gnu11;
				GCC_DYNAMIC_NO_PIC = NO;
				GCC_NO_COMMON_BLOCKS = YES;
				GCC_OPTIMIZATION_LEVEL = 0;
				GCC_PREPROCESSOR_DEFINITIONS = (
					"DEBUG=1",
					"$(inherited)",
				);
				GCC_WARN_64_TO_32_BIT_CONVERSION = YES;
				GCC_WARN_ABOUT_RETURN_TYPE = YES_ERROR;
				GCC_WARN_UNDECLARED_SELECTOR = YES;
				GCC_WARN_UNINITIALIZED_AUTOS = YES_AGGRESSIVE;
				GCC_WARN_UNUSED_FUNCTION = YES;
				GCC_WARN_UNUSED_VARIABLE = YES;
				IPHONEOS_DEPLOYMENT_TARGET = 11.4;
				MTL_ENABLE_DEBUG_INFO = YES;
				ONLY_ACTIVE_ARCH = YES;
				SDKROOT = iphoneos;
				SWIFT_ACTIVE_COMPILATION_CONDITIONS = DEBUG;
				SWIFT_OPTIMIZATION_LEVEL = "-Onone";
			};
			name = Debug;
		};
		08787A9F2134DC3200569477 /* Release */ = {
			isa = XCBuildConfiguration;
			buildSettings = {
				ALWAYS_SEARCH_USER_PATHS = NO;
				CLANG_ANALYZER_NONNULL = YES;
				CLANG_ANALYZER_NUMBER_OBJECT_CONVERSION = YES_AGGRESSIVE;
				CLANG_CXX_LANGUAGE_STANDARD = "gnu++14";
				CLANG_CXX_LIBRARY = "libc++";
				CLANG_ENABLE_MODULES = YES;
				CLANG_ENABLE_OBJC_ARC = YES;
				CLANG_ENABLE_OBJC_WEAK = YES;
				CLANG_WARN_BLOCK_CAPTURE_AUTORELEASING = YES;
				CLANG_WARN_BOOL_CONVERSION = YES;
				CLANG_WARN_COMMA = YES;
				CLANG_WARN_CONSTANT_CONVERSION = YES;
				CLANG_WARN_DEPRECATED_OBJC_IMPLEMENTATIONS = YES;
				CLANG_WARN_DIRECT_OBJC_ISA_USAGE = YES_ERROR;
				CLANG_WARN_DOCUMENTATION_COMMENTS = YES;
				CLANG_WARN_EMPTY_BODY = YES;
				CLANG_WARN_ENUM_CONVERSION = YES;
				CLANG_WARN_INFINITE_RECURSION = YES;
				CLANG_WARN_INT_CONVERSION = YES;
				CLANG_WARN_NON_LITERAL_NULL_CONVERSION = YES;
				CLANG_WARN_OBJC_IMPLICIT_RETAIN_SELF = YES;
				CLANG_WARN_OBJC_LITERAL_CONVERSION = YES;
				CLANG_WARN_OBJC_ROOT_CLASS = YES_ERROR;
				CLANG_WARN_RANGE_LOOP_ANALYSIS = YES;
				CLANG_WARN_STRICT_PROTOTYPES = YES;
				CLANG_WARN_SUSPICIOUS_MOVE = YES;
				CLANG_WARN_UNGUARDED_AVAILABILITY = YES_AGGRESSIVE;
				CLANG_WARN_UNREACHABLE_CODE = YES;
				CLANG_WARN__DUPLICATE_METHOD_MATCH = YES;
				CODE_SIGN_IDENTITY = "iPhone Developer";
				COPY_PHASE_STRIP = NO;
				DEBUG_INFORMATION_FORMAT = "dwarf-with-dsym";
				ENABLE_NS_ASSERTIONS = NO;
				ENABLE_STRICT_OBJC_MSGSEND = YES;
				GCC_C_LANGUAGE_STANDARD = gnu11;
				GCC_NO_COMMON_BLOCKS = YES;
				GCC_WARN_64_TO_32_BIT_CONVERSION = YES;
				GCC_WARN_ABOUT_RETURN_TYPE = YES_ERROR;
				GCC_WARN_UNDECLARED_SELECTOR = YES;
				GCC_WARN_UNINITIALIZED_AUTOS = YES_AGGRESSIVE;
				GCC_WARN_UNUSED_FUNCTION = YES;
				GCC_WARN_UNUSED_VARIABLE = YES;
				IPHONEOS_DEPLOYMENT_TARGET = 11.4;
				MTL_ENABLE_DEBUG_INFO = NO;
				SDKROOT = iphoneos;
				SWIFT_COMPILATION_MODE = wholemodule;
				SWIFT_OPTIMIZATION_LEVEL = "-O";
				VALIDATE_PRODUCT = YES;
			};
			name = Release;
		};
		08787AA12134DC3200569477 /* Debug */ = {
			isa = XCBuildConfiguration;
			baseConfigurationReference = 77172BC32C620FEE220EE457 /* Pods-MyEditor.debug.xcconfig */;
			buildSettings = {
				ASSETCATALOG_COMPILER_APPICON_NAME = AppIcon;
				CODE_SIGN_STYLE = Automatic;
				DEVELOPMENT_TEAM = "";
				INFOPLIST_FILE = MyEditor/Info.plist;
				IPHONEOS_DEPLOYMENT_TARGET = 11.3;
				LD_RUNPATH_SEARCH_PATHS = (
					"$(inherited)",
					"@executable_path/Frameworks",
				);
				PRODUCT_BUNDLE_IDENTIFIER = shin.MyEditor;
				PRODUCT_NAME = "$(TARGET_NAME)";
				SWIFT_VERSION = 4.0;
				TARGETED_DEVICE_FAMILY = "1,2";
			};
			name = Debug;
		};
		08787AA22134DC3200569477 /* Release */ = {
			isa = XCBuildConfiguration;
			baseConfigurationReference = E625F21083A8C8D24E625011 /* Pods-MyEditor.release.xcconfig */;
			buildSettings = {
				ASSETCATALOG_COMPILER_APPICON_NAME = AppIcon;
				CODE_SIGN_STYLE = Automatic;
				DEVELOPMENT_TEAM = "";
				INFOPLIST_FILE = MyEditor/Info.plist;
				IPHONEOS_DEPLOYMENT_TARGET = 11.3;
				LD_RUNPATH_SEARCH_PATHS = (
					"$(inherited)",
					"@executable_path/Frameworks",
				);
				PRODUCT_BUNDLE_IDENTIFIER = shin.MyEditor;
				PRODUCT_NAME = "$(TARGET_NAME)";
				SWIFT_VERSION = 4.0;
				TARGETED_DEVICE_FAMILY = "1,2";
			};
			name = Release;
		};
/* End XCBuildConfiguration section */

/* Begin XCConfigurationList section */
		08787A892134DC3100569477 /* Build configuration list for PBXProject "MyEditor" */ = {
			isa = XCConfigurationList;
			buildConfigurations = (
				08787A9E2134DC3200569477 /* Debug */,
				08787A9F2134DC3200569477 /* Release */,
			);
			defaultConfigurationIsVisible = 0;
			defaultConfigurationName = Release;
		};
		08787AA02134DC3200569477 /* Build configuration list for PBXNativeTarget "MyEditor" */ = {
			isa = XCConfigurationList;
			buildConfigurations = (
				08787AA12134DC3200569477 /* Debug */,
				08787AA22134DC3200569477 /* Release */,
			);
			defaultConfigurationIsVisible = 0;
			defaultConfigurationName = Release;
		};
/* End XCConfigurationList section */
	};
	rootObject = 08787A862134DC3100569477 /* Project object */;
}
